{
  "version": 4,
  "terraform_version": "1.3.1",
  "serial": 1033,
  "lineage": "d07d1857-76dc-041f-e4c0-b152a209c819",
  "outputs": {},
  "resources": [
    {
      "mode": "managed",
      "type": "azurerm_container_registry",
      "name": "cRegistry",
      "provider": "provider[\"registry.terraform.io/hashicorp/azurerm\"]",
      "instances": [
        {
          "index_key": 0,
          "schema_version": 2,
          "attributes": {
            "admin_enabled": false,
            "admin_password": "",
            "admin_username": "",
            "anonymous_pull_enabled": false,
            "data_endpoint_enabled": false,
            "encryption": [
              {
                "enabled": false,
                "identity_client_id": "",
                "key_vault_key_id": ""
              }
            ],
            "export_policy_enabled": true,
            "georeplications": [],
            "id": "/subscriptions/1be24ce6-f6e6-419f-9302-bd0497c96987/resourceGroups/raoul-rg/providers/Microsoft.ContainerRegistry/registries/raoulcRegistry",
            "identity": [],
            "location": "westeurope",
            "login_server": "raoulcregistry.azurecr.io",
            "name": "raoulcRegistry",
            "network_rule_bypass_option": "AzureServices",
            "network_rule_set": [],
            "public_network_access_enabled": true,
            "quarantine_policy_enabled": false,
            "resource_group_name": "raoul-rg",
            "retention_policy": [
              {
                "days": 7,
                "enabled": false
              }
            ],
            "sku": "Basic",
            "tags": {},
            "timeouts": null,
            "trust_policy": [
              {
                "enabled": false
              }
            ],
            "zone_redundancy_enabled": false
          },
          "sensitive_attributes": [],
          "private": "eyJlMmJmYjczMC1lY2FhLTExZTYtOGY4OC0zNDM2M2JjN2M0YzAiOnsiY3JlYXRlIjoxODAwMDAwMDAwMDAwLCJkZWxldGUiOjE4MDAwMDAwMDAwMDAsInJlYWQiOjMwMDAwMDAwMDAwMCwidXBkYXRlIjoxODAwMDAwMDAwMDAwfSwic2NoZW1hX3ZlcnNpb24iOiIyIn0=",
          "dependencies": [
            "azurerm_resource_group.rg"
          ]
        }
      ]
    },
    {
      "mode": "managed",
      "type": "azurerm_linux_web_app",
      "name": "appService",
      "provider": "provider[\"registry.terraform.io/hashicorp/azurerm\"]",
      "instances": [
        {
          "index_key": 0,
          "schema_version": 0,
          "attributes": {
            "app_settings": {},
            "auth_settings": [
              {
                "active_directory": [],
                "additional_login_parameters": {},
                "allowed_external_redirect_urls": [],
                "default_provider": "",
                "enabled": false,
                "facebook": [],
                "github": [],
                "google": [],
                "issuer": "",
                "microsoft": [],
                "runtime_version": "",
                "token_refresh_extension_hours": 0,
                "token_store_enabled": false,
                "twitter": [],
                "unauthenticated_client_action": ""
              }
            ],
            "backup": [],
            "client_affinity_enabled": false,
            "client_certificate_enabled": false,
            "client_certificate_mode": "Required",
            "connection_string": [],
            "custom_domain_verification_id": "D16E1F3AA884407368930BF7992CD52ACFF742C9E3B9FD7EC787F82B0C8D9F50",
            "default_hostname": "raoul-app.azurewebsites.net",
            "enabled": true,
            "https_only": true,
            "id": "/subscriptions/1be24ce6-f6e6-419f-9302-bd0497c96987/resourceGroups/raoul-rg/providers/Microsoft.Web/sites/raoul-App",
            "identity": [],
            "key_vault_reference_identity_id": "SystemAssigned",
            "kind": "app,linux,container",
            "location": "westeurope",
            "logs": [],
            "name": "raoul-App",
            "outbound_ip_address_list": [
              "20.73.237.3",
              "20.73.237.6",
              "20.73.237.73",
              "20.73.237.93",
              "20.73.237.113",
              "20.73.237.138",
              "20.105.232.25"
            ],
            "outbound_ip_addresses": "20.73.237.3,20.73.237.6,20.73.237.73,20.73.237.93,20.73.237.113,20.73.237.138,20.105.232.25",
            "possible_outbound_ip_address_list": [
              "20.73.236.196",
              "20.73.236.208",
              "20.73.236.226",
              "20.71.72.176",
              "20.73.236.236",
              "20.71.78.169",
              "20.73.237.3",
              "20.73.237.6",
              "20.73.237.73",
              "20.73.237.93",
              "20.73.237.113",
              "20.73.237.138",
              "20.73.232.70",
              "20.73.237.154",
              "20.73.237.214",
              "20.73.237.217",
              "20.73.237.232",
              "20.71.78.237",
              "20.73.235.14",
              "20.73.234.156",
              "20.73.237.238",
              "20.73.238.31",
              "20.73.238.61",
              "20.73.238.64",
              "20.105.232.25"
            ],
            "possible_outbound_ip_addresses": "20.73.236.196,20.73.236.208,20.73.236.226,20.71.72.176,20.73.236.236,20.71.78.169,20.73.237.3,20.73.237.6,20.73.237.73,20.73.237.93,20.73.237.113,20.73.237.138,20.73.232.70,20.73.237.154,20.73.237.214,20.73.237.217,20.73.237.232,20.71.78.237,20.73.235.14,20.73.234.156,20.73.237.238,20.73.238.31,20.73.238.61,20.73.238.64,20.105.232.25",
            "resource_group_name": "raoul-rg",
            "service_plan_id": "/subscriptions/1be24ce6-f6e6-419f-9302-bd0497c96987/resourceGroups/raoul-rg/providers/Microsoft.Web/serverfarms/raoul-sPlan",
            "site_config": [
              {
                "always_on": true,
                "api_definition_url": "",
                "api_management_api_id": "",
                "app_command_line": "",
                "application_stack": [
                  {
                    "docker_image": "rverspaij/test",
                    "docker_image_tag": "latest",
                    "dotnet_version": "",
                    "java_server": "",
                    "java_server_version": "",
                    "java_version": "",
                    "node_version": "",
                    "php_version": "",
                    "python_version": "",
                    "ruby_version": ""
                  }
                ],
                "auto_heal_enabled": false,
                "auto_heal_setting": [],
                "container_registry_managed_identity_client_id": "",
                "container_registry_use_managed_identity": false,
                "cors": [],
                "default_documents": [
                  "Default.htm",
                  "Default.html",
                  "Default.asp",
                  "index.htm",
                  "index.html",
                  "iisstart.htm",
                  "default.aspx",
                  "index.php",
                  "hostingstart.html"
                ],
                "detailed_error_logging_enabled": false,
                "ftps_state": "Disabled",
                "health_check_eviction_time_in_min": 0,
                "health_check_path": "",
                "http2_enabled": false,
                "ip_restriction": [],
                "linux_fx_version": "DOCKER|rverspaij/test:latest",
                "load_balancing_mode": "LeastRequests",
                "local_mysql_enabled": false,
                "managed_pipeline_mode": "Integrated",
                "minimum_tls_version": "1.2",
                "remote_debugging_enabled": false,
                "remote_debugging_version": "VS2019",
                "scm_ip_restriction": [],
                "scm_minimum_tls_version": "1.2",
                "scm_type": "None",
                "scm_use_main_ip_restriction": false,
                "use_32_bit_worker": true,
                "vnet_route_all_enabled": false,
                "websockets_enabled": false,
                "worker_count": 1
              }
            ],
            "site_credential": [
              {
                "name": "$raoul-App",
                "password": "vjp8jQrgG9chojjFfy6vadRLAwgvflxP1FwQ6KdojRl06aadFxuDdFGuYZYw"
              }
            ],
            "storage_account": [],
            "tags": {},
            "timeouts": null
          },
          "sensitive_attributes": [],
          "private": "eyJlMmJmYjczMC1lY2FhLTExZTYtOGY4OC0zNDM2M2JjN2M0YzAiOnsiY3JlYXRlIjoxODAwMDAwMDAwMDAwLCJkZWxldGUiOjE4MDAwMDAwMDAwMDAsInJlYWQiOjMwMDAwMDAwMDAwMCwidXBkYXRlIjoxODAwMDAwMDAwMDAwfX0=",
          "dependencies": [
            "azurerm_resource_group.rg",
            "azurerm_service_plan.sPlan"
          ]
        }
      ]
    },
    {
      "mode": "managed",
      "type": "azurerm_network_interface",
      "name": "app_interface1",
      "provider": "provider[\"registry.terraform.io/hashicorp/azurerm\"]",
      "instances": [
        {
          "schema_version": 0,
          "attributes": {
            "applied_dns_servers": [],
            "dns_servers": [],
            "edge_zone": "",
            "enable_accelerated_networking": false,
            "enable_ip_forwarding": false,
            "id": "/subscriptions/1be24ce6-f6e6-419f-9302-bd0497c96987/resourceGroups/raoul-rg/providers/Microsoft.Network/networkInterfaces/raoul-app-interface1",
            "internal_dns_name_label": "",
            "internal_domain_name_suffix": "uq1hzrxhnfaenpl4vcjfeblbag.ax.internal.cloudapp.net",
            "ip_configuration": [
              {
                "gateway_load_balancer_frontend_ip_configuration_id": "",
                "name": "internal",
                "primary": true,
                "private_ip_address": "10.0.1.4",
                "private_ip_address_allocation": "Dynamic",
                "private_ip_address_version": "IPv4",
                "public_ip_address_id": "",
                "subnet_id": "/subscriptions/1be24ce6-f6e6-419f-9302-bd0497c96987/resourceGroups/raoul-rg/providers/Microsoft.Network/virtualNetworks/raoul-vnet/subnets/raoul-LAN"
              }
            ],
            "location": "westeurope",
            "mac_address": "",
            "name": "raoul-app-interface1",
            "private_ip_address": "10.0.1.4",
            "private_ip_addresses": [
              "10.0.1.4"
            ],
            "resource_group_name": "raoul-rg",
            "tags": {},
            "timeouts": null,
            "virtual_machine_id": ""
          },
          "sensitive_attributes": [],
          "private": "eyJlMmJmYjczMC1lY2FhLTExZTYtOGY4OC0zNDM2M2JjN2M0YzAiOnsiY3JlYXRlIjoxODAwMDAwMDAwMDAwLCJkZWxldGUiOjE4MDAwMDAwMDAwMDAsInJlYWQiOjMwMDAwMDAwMDAwMCwidXBkYXRlIjoxODAwMDAwMDAwMDAwfX0=",
          "dependencies": [
            "azurerm_resource_group.rg",
            "azurerm_subnet.LAN",
            "azurerm_virtual_network.vnet"
          ]
        }
      ]
    },
    {
      "mode": "managed",
      "type": "azurerm_network_interface",
      "name": "app_interface2",
      "provider": "provider[\"registry.terraform.io/hashicorp/azurerm\"]",
      "instances": [
        {
          "schema_version": 0,
          "attributes": {
            "applied_dns_servers": [],
            "dns_servers": [],
            "edge_zone": "",
            "enable_accelerated_networking": false,
            "enable_ip_forwarding": false,
            "id": "/subscriptions/1be24ce6-f6e6-419f-9302-bd0497c96987/resourceGroups/raoul-rg/providers/Microsoft.Network/networkInterfaces/raoul-app-interface2",
            "internal_dns_name_label": "",
            "internal_domain_name_suffix": "uq1hzrxhnfaenpl4vcjfeblbag.ax.internal.cloudapp.net",
            "ip_configuration": [
              {
                "gateway_load_balancer_frontend_ip_configuration_id": "",
                "name": "internal",
                "primary": true,
                "private_ip_address": "10.0.1.5",
                "private_ip_address_allocation": "Dynamic",
                "private_ip_address_version": "IPv4",
                "public_ip_address_id": "",
                "subnet_id": "/subscriptions/1be24ce6-f6e6-419f-9302-bd0497c96987/resourceGroups/raoul-rg/providers/Microsoft.Network/virtualNetworks/raoul-vnet/subnets/raoul-LAN"
              }
            ],
            "location": "westeurope",
            "mac_address": "",
            "name": "raoul-app-interface2",
            "private_ip_address": "10.0.1.5",
            "private_ip_addresses": [
              "10.0.1.5"
            ],
            "resource_group_name": "raoul-rg",
            "tags": {},
            "timeouts": null,
            "virtual_machine_id": ""
          },
          "sensitive_attributes": [],
          "private": "eyJlMmJmYjczMC1lY2FhLTExZTYtOGY4OC0zNDM2M2JjN2M0YzAiOnsiY3JlYXRlIjoxODAwMDAwMDAwMDAwLCJkZWxldGUiOjE4MDAwMDAwMDAwMDAsInJlYWQiOjMwMDAwMDAwMDAwMCwidXBkYXRlIjoxODAwMDAwMDAwMDAwfX0=",
          "dependencies": [
            "azurerm_resource_group.rg",
            "azurerm_subnet.LAN",
            "azurerm_virtual_network.vnet"
          ]
        }
      ]
    },
    {
      "mode": "managed",
      "type": "azurerm_network_security_group",
      "name": "app_nsg",
      "provider": "provider[\"registry.terraform.io/hashicorp/azurerm\"]",
      "instances": [
        {
          "schema_version": 0,
          "attributes": {
            "id": "/subscriptions/1be24ce6-f6e6-419f-9302-bd0497c96987/resourceGroups/raoul-rg/providers/Microsoft.Network/networkSecurityGroups/raoul-app-nsg",
            "location": "westeurope",
            "name": "raoul-app-nsg",
            "resource_group_name": "raoul-rg",
            "security_rule": [
              {
                "access": "Allow",
                "description": "",
                "destination_address_prefix": "*",
                "destination_address_prefixes": [],
                "destination_application_security_group_ids": [],
                "destination_port_range": "80",
                "destination_port_ranges": [],
                "direction": "Inbound",
                "name": "Allow_HTTP",
                "priority": 200,
                "protocol": "Tcp",
                "source_address_prefix": "*",
                "source_address_prefixes": [],
                "source_application_security_group_ids": [],
                "source_port_range": "*",
                "source_port_ranges": []
              }
            ],
            "tags": {},
            "timeouts": null
          },
          "sensitive_attributes": [],
          "private": "eyJlMmJmYjczMC1lY2FhLTExZTYtOGY4OC0zNDM2M2JjN2M0YzAiOnsiY3JlYXRlIjoxODAwMDAwMDAwMDAwLCJkZWxldGUiOjE4MDAwMDAwMDAwMDAsInJlYWQiOjMwMDAwMDAwMDAwMCwidXBkYXRlIjoxODAwMDAwMDAwMDAwfX0=",
          "dependencies": [
            "azurerm_resource_group.rg",
            "azurerm_subnet.DMZ",
            "azurerm_virtual_network.vnet"
          ]
        }
      ]
    },
    {
      "mode": "managed",
      "type": "azurerm_private_dns_zone",
      "name": "pdns",
      "provider": "provider[\"registry.terraform.io/hashicorp/azurerm\"]",
      "instances": [
        {
          "schema_version": 0,
          "attributes": {
            "id": "/subscriptions/1be24ce6-f6e6-419f-9302-bd0497c96987/resourceGroups/raoul-rg/providers/Microsoft.Network/privateDnsZones/subdomain.raoul.mysql.database.azure.com",
            "max_number_of_record_sets": 25000,
            "max_number_of_virtual_network_links": 1000,
            "max_number_of_virtual_network_links_with_registration": 100,
            "name": "subdomain.raoul.mysql.database.azure.com",
            "number_of_record_sets": 1,
            "resource_group_name": "raoul-rg",
            "soa_record": [
              {
                "email": "azureprivatedns-host.microsoft.com",
                "expire_time": 2419200,
                "fqdn": "subdomain.raoul.mysql.database.azure.com.",
                "host_name": "azureprivatedns.net",
                "minimum_ttl": 10,
                "refresh_time": 3600,
                "retry_time": 300,
                "serial_number": 1,
                "tags": {},
                "ttl": 3600
              }
            ],
            "tags": {},
            "timeouts": null
          },
          "sensitive_attributes": [],
          "private": "eyJlMmJmYjczMC1lY2FhLTExZTYtOGY4OC0zNDM2M2JjN2M0YzAiOnsiY3JlYXRlIjoxODAwMDAwMDAwMDAwLCJkZWxldGUiOjE4MDAwMDAwMDAwMDAsInJlYWQiOjMwMDAwMDAwMDAwMCwidXBkYXRlIjoxODAwMDAwMDAwMDAwfX0=",
          "dependencies": [
            "azurerm_resource_group.rg"
          ]
        }
      ]
    },
    {
      "mode": "managed",
      "type": "azurerm_private_dns_zone_virtual_network_link",
      "name": "pdnslink",
      "provider": "provider[\"registry.terraform.io/hashicorp/azurerm\"]",
      "instances": [
        {
          "schema_version": 0,
          "attributes": {
            "id": "/subscriptions/1be24ce6-f6e6-419f-9302-bd0497c96987/resourceGroups/raoul-rg/providers/Microsoft.Network/privateDnsZones/subdomain.raoul.mysql.database.azure.com/virtualNetworkLinks/raoul-pdnslink",
            "name": "raoul-pdnslink",
            "private_dns_zone_name": "subdomain.raoul.mysql.database.azure.com",
            "registration_enabled": false,
            "resource_group_name": "raoul-rg",
            "tags": {},
            "timeouts": null,
            "virtual_network_id": "/subscriptions/1be24ce6-f6e6-419f-9302-bd0497c96987/resourceGroups/raoul-rg/providers/Microsoft.Network/virtualNetworks/raoul-vnet"
          },
          "sensitive_attributes": [],
          "private": "eyJlMmJmYjczMC1lY2FhLTExZTYtOGY4OC0zNDM2M2JjN2M0YzAiOnsiY3JlYXRlIjoxODAwMDAwMDAwMDAwLCJkZWxldGUiOjE4MDAwMDAwMDAwMDAsInJlYWQiOjMwMDAwMDAwMDAwMCwidXBkYXRlIjoxODAwMDAwMDAwMDAwfX0=",
          "dependencies": [
            "azurerm_private_dns_zone.pdns",
            "azurerm_resource_group.rg",
            "azurerm_virtual_network.vnet"
          ]
        }
      ]
    },
    {
      "mode": "managed",
      "type": "azurerm_public_ip",
      "name": "gateway_ip",
      "provider": "provider[\"registry.terraform.io/hashicorp/azurerm\"]",
      "instances": [
        {
          "schema_version": 0,
          "attributes": {
            "allocation_method": "Dynamic",
            "domain_name_label": null,
            "edge_zone": "",
            "fqdn": null,
            "id": "/subscriptions/1be24ce6-f6e6-419f-9302-bd0497c96987/resourceGroups/raoul-rg/providers/Microsoft.Network/publicIPAddresses/raoul-gateway-ip",
            "idle_timeout_in_minutes": 4,
            "ip_address": "",
            "ip_tags": {},
            "ip_version": "IPv4",
            "location": "westeurope",
            "name": "raoul-gateway-ip",
            "public_ip_prefix_id": null,
            "resource_group_name": "raoul-rg",
            "reverse_fqdn": null,
            "sku": "Basic",
            "sku_tier": "Regional",
            "tags": {},
            "timeouts": null,
            "zones": []
          },
          "sensitive_attributes": [],
          "private": "eyJlMmJmYjczMC1lY2FhLTExZTYtOGY4OC0zNDM2M2JjN2M0YzAiOnsiY3JlYXRlIjoxODAwMDAwMDAwMDAwLCJkZWxldGUiOjE4MDAwMDAwMDAwMDAsInJlYWQiOjMwMDAwMDAwMDAwMCwidXBkYXRlIjoxODAwMDAwMDAwMDAwfX0=",
          "dependencies": [
            "azurerm_resource_group.rg"
          ]
        }
      ]
    },
    {
      "mode": "managed",
      "type": "azurerm_resource_group",
      "name": "rg",
      "provider": "provider[\"registry.terraform.io/hashicorp/azurerm\"]",
      "instances": [
        {
          "schema_version": 0,
          "attributes": {
            "id": "/subscriptions/1be24ce6-f6e6-419f-9302-bd0497c96987/resourceGroups/raoul-rg",
            "location": "westeurope",
            "name": "raoul-rg",
            "tags": {
              "Environment": "SchoolProject",
              "Team": "DevOps"
            },
            "timeouts": null
          },
          "sensitive_attributes": [],
          "private": "eyJlMmJmYjczMC1lY2FhLTExZTYtOGY4OC0zNDM2M2JjN2M0YzAiOnsiY3JlYXRlIjo1NDAwMDAwMDAwMDAwLCJkZWxldGUiOjU0MDAwMDAwMDAwMDAsInJlYWQiOjMwMDAwMDAwMDAwMCwidXBkYXRlIjo1NDAwMDAwMDAwMDAwfX0="
        }
      ]
    },
    {
      "mode": "managed",
      "type": "azurerm_service_plan",
      "name": "sPlan",
      "provider": "provider[\"registry.terraform.io/hashicorp/azurerm\"]",
      "instances": [
        {
          "index_key": 0,
          "schema_version": 0,
          "attributes": {
            "app_service_environment_id": "",
            "id": "/subscriptions/1be24ce6-f6e6-419f-9302-bd0497c96987/resourceGroups/raoul-rg/providers/Microsoft.Web/serverfarms/raoul-sPlan",
            "kind": "linux",
            "location": "westeurope",
            "maximum_elastic_worker_count": 1,
            "name": "raoul-sPlan",
            "os_type": "Linux",
            "per_site_scaling_enabled": false,
            "reserved": true,
            "resource_group_name": "raoul-rg",
            "sku_name": "P1v2",
            "tags": {},
            "timeouts": null,
            "worker_count": 1
          },
          "sensitive_attributes": [],
          "private": "eyJlMmJmYjczMC1lY2FhLTExZTYtOGY4OC0zNDM2M2JjN2M0YzAiOnsiY3JlYXRlIjozNjAwMDAwMDAwMDAwLCJkZWxldGUiOjM2MDAwMDAwMDAwMDAsInJlYWQiOjMwMDAwMDAwMDAwMCwidXBkYXRlIjozNjAwMDAwMDAwMDAwfX0=",
          "dependencies": [
            "azurerm_resource_group.rg"
          ]
        }
      ]
    },
    {
      "mode": "managed",
      "type": "azurerm_storage_account",
      "name": "appstore",
      "provider": "provider[\"registry.terraform.io/hashicorp/azurerm\"]",
      "instances": [
        {
          "schema_version": 3,
          "attributes": {
            "access_tier": "Hot",
            "account_kind": "StorageV2",
            "account_replication_type": "LRS",
            "account_tier": "Standard",
            "allow_nested_items_to_be_public": true,
            "azure_files_authentication": [],
            "blob_properties": [
              {
                "change_feed_enabled": false,
                "container_delete_retention_policy": [],
                "cors_rule": [],
                "default_service_version": "",
                "delete_retention_policy": [],
                "last_access_time_enabled": false,
                "versioning_enabled": false
              }
            ],
            "custom_domain": [],
            "customer_managed_key": [],
            "edge_zone": "",
            "enable_https_traffic_only": true,
            "id": "/subscriptions/1be24ce6-f6e6-419f-9302-bd0497c96987/resourceGroups/raoul-rg/providers/Microsoft.Storage/storageAccounts/appstore912094",
            "identity": [],
            "infrastructure_encryption_enabled": false,
            "is_hns_enabled": false,
            "large_file_share_enabled": null,
            "location": "westeurope",
            "min_tls_version": "TLS1_2",
            "name": "appstore912094",
            "network_rules": [
              {
                "bypass": [
                  "AzureServices"
                ],
                "default_action": "Allow",
                "ip_rules": [],
                "private_link_access": [],
                "virtual_network_subnet_ids": []
              }
            ],
            "nfsv3_enabled": false,
            "primary_access_key": "RA7IKQd0VsgGNx3tV/K19taql9+Zm+W4QeR2EuIOT42o1CzqJOrQLADcxLVn3dyppumLi5L8c/o4+AStmhWJRQ==",
            "primary_blob_connection_string": "DefaultEndpointsProtocol=https;BlobEndpoint=https://appstore912094.blob.core.windows.net/;AccountName=appstore912094;AccountKey=RA7IKQd0VsgGNx3tV/K19taql9+Zm+W4QeR2EuIOT42o1CzqJOrQLADcxLVn3dyppumLi5L8c/o4+AStmhWJRQ==",
            "primary_blob_endpoint": "https://appstore912094.blob.core.windows.net/",
            "primary_blob_host": "appstore912094.blob.core.windows.net",
            "primary_connection_string": "DefaultEndpointsProtocol=https;AccountName=appstore912094;AccountKey=RA7IKQd0VsgGNx3tV/K19taql9+Zm+W4QeR2EuIOT42o1CzqJOrQLADcxLVn3dyppumLi5L8c/o4+AStmhWJRQ==;EndpointSuffix=core.windows.net",
            "primary_dfs_endpoint": "https://appstore912094.dfs.core.windows.net/",
            "primary_dfs_host": "appstore912094.dfs.core.windows.net",
            "primary_file_endpoint": "https://appstore912094.file.core.windows.net/",
            "primary_file_host": "appstore912094.file.core.windows.net",
            "primary_location": "westeurope",
            "primary_queue_endpoint": "https://appstore912094.queue.core.windows.net/",
            "primary_queue_host": "appstore912094.queue.core.windows.net",
            "primary_table_endpoint": "https://appstore912094.table.core.windows.net/",
            "primary_table_host": "appstore912094.table.core.windows.net",
            "primary_web_endpoint": "https://appstore912094.z6.web.core.windows.net/",
            "primary_web_host": "appstore912094.z6.web.core.windows.net",
            "queue_encryption_key_type": "Service",
            "queue_properties": [
              {
                "cors_rule": [],
                "hour_metrics": [
                  {
                    "enabled": true,
                    "include_apis": true,
                    "retention_policy_days": 7,
                    "version": "1.0"
                  }
                ],
                "logging": [
                  {
                    "delete": false,
                    "read": false,
                    "retention_policy_days": 0,
                    "version": "1.0",
                    "write": false
                  }
                ],
                "minute_metrics": [
                  {
                    "enabled": false,
                    "include_apis": false,
                    "retention_policy_days": 0,
                    "version": "1.0"
                  }
                ]
              }
            ],
            "resource_group_name": "raoul-rg",
            "routing": [],
            "secondary_access_key": "jAWcOD30tzY8l2f+WcsiH1K4oIqmsDtUQrIorGad5C++AptxwikaRZC840W079RLT98Fg5Aul3Qz+AStmoBtaw==",
            "secondary_blob_connection_string": "",
            "secondary_blob_endpoint": null,
            "secondary_blob_host": null,
            "secondary_connection_string": "DefaultEndpointsProtocol=https;AccountName=appstore912094;AccountKey=jAWcOD30tzY8l2f+WcsiH1K4oIqmsDtUQrIorGad5C++AptxwikaRZC840W079RLT98Fg5Aul3Qz+AStmoBtaw==;EndpointSuffix=core.windows.net",
            "secondary_dfs_endpoint": null,
            "secondary_dfs_host": null,
            "secondary_file_endpoint": null,
            "secondary_file_host": null,
            "secondary_location": "",
            "secondary_queue_endpoint": null,
            "secondary_queue_host": null,
            "secondary_table_endpoint": null,
            "secondary_table_host": null,
            "secondary_web_endpoint": null,
            "secondary_web_host": null,
            "share_properties": [
              {
                "cors_rule": [],
                "retention_policy": [
                  {
                    "days": 7
                  }
                ],
                "smb": []
              }
            ],
            "shared_access_key_enabled": true,
            "static_website": [],
            "table_encryption_key_type": "Service",
            "tags": {},
            "timeouts": null
          },
          "sensitive_attributes": [],
          "private": "eyJlMmJmYjczMC1lY2FhLTExZTYtOGY4OC0zNDM2M2JjN2M0YzAiOnsiY3JlYXRlIjozNjAwMDAwMDAwMDAwLCJkZWxldGUiOjM2MDAwMDAwMDAwMDAsInJlYWQiOjMwMDAwMDAwMDAwMCwidXBkYXRlIjozNjAwMDAwMDAwMDAwfSwic2NoZW1hX3ZlcnNpb24iOiIzIn0=",
          "dependencies": [
            "azurerm_resource_group.rg"
          ]
        }
      ]
    },
    {
      "mode": "managed",
      "type": "azurerm_storage_account_network_rules",
      "name": "StorageNR",
      "provider": "provider[\"registry.terraform.io/hashicorp/azurerm\"]",
      "instances": [
        {
          "schema_version": 0,
          "attributes": {
            "bypass": [
              "AzureServices"
            ],
            "default_action": "Deny",
            "id": "/subscriptions/1be24ce6-f6e6-419f-9302-bd0497c96987/resourceGroups/raoul-rg/providers/Microsoft.Storage/storageAccounts/appstore912094",
            "ip_rules": [],
            "private_link_access": [],
            "storage_account_id": "/subscriptions/1be24ce6-f6e6-419f-9302-bd0497c96987/resourceGroups/raoul-rg/providers/Microsoft.Storage/storageAccounts/appstore912094",
            "timeouts": null,
            "virtual_network_subnet_ids": [
              "/subscriptions/1be24ce6-f6e6-419f-9302-bd0497c96987/resourceGroups/raoul-rg/providers/Microsoft.Network/virtualNetworks/raoul-vnet/subnets/raoul-LAN"
            ]
          },
          "sensitive_attributes": [],
          "private": "eyJlMmJmYjczMC1lY2FhLTExZTYtOGY4OC0zNDM2M2JjN2M0YzAiOnsiY3JlYXRlIjozNjAwMDAwMDAwMDAwLCJkZWxldGUiOjM2MDAwMDAwMDAwMDAsInJlYWQiOjMwMDAwMDAwMDAwMCwidXBkYXRlIjozNjAwMDAwMDAwMDAwfX0=",
          "dependencies": [
            "azurerm_resource_group.rg",
            "azurerm_storage_account.appstore",
            "azurerm_subnet.LAN",
            "azurerm_virtual_network.vnet"
          ]
        }
      ]
    },
    {
      "mode": "managed",
      "type": "azurerm_storage_blob",
      "name": "IIS_config_image",
      "provider": "provider[\"registry.terraform.io/hashicorp/azurerm\"]",
      "instances": [
        {
          "schema_version": 1,
          "attributes": {
            "access_tier": "Hot",
            "cache_control": "",
            "content_md5": "",
            "content_type": "application/octet-stream",
            "id": "https://appstore912094.blob.core.windows.net/data/IIS_Config_image.ps1",
            "metadata": {},
            "name": "IIS_Config_image.ps1",
            "parallelism": 8,
            "size": 0,
            "source": "IIS_Config_image.ps1",
            "source_content": null,
            "source_uri": null,
            "storage_account_name": "appstore912094",
            "storage_container_name": "data",
            "timeouts": null,
            "type": "Block",
            "url": "https://appstore912094.blob.core.windows.net/data/IIS_Config_image.ps1"
          },
          "sensitive_attributes": [],
          "private": "eyJlMmJmYjczMC1lY2FhLTExZTYtOGY4OC0zNDM2M2JjN2M0YzAiOnsiY3JlYXRlIjoxODAwMDAwMDAwMDAwLCJkZWxldGUiOjE4MDAwMDAwMDAwMDAsInJlYWQiOjMwMDAwMDAwMDAwMCwidXBkYXRlIjoxODAwMDAwMDAwMDAwfSwic2NoZW1hX3ZlcnNpb24iOiIxIn0=",
          "dependencies": [
            "azurerm_resource_group.rg",
            "azurerm_storage_account.appstore",
            "azurerm_storage_container.data"
          ]
        }
      ]
    },
    {
      "mode": "managed",
      "type": "azurerm_storage_blob",
      "name": "IIS_config_video",
      "provider": "provider[\"registry.terraform.io/hashicorp/azurerm\"]",
      "instances": [
        {
          "schema_version": 1,
          "attributes": {
            "access_tier": "Hot",
            "cache_control": "",
            "content_md5": "",
            "content_type": "application/octet-stream",
            "id": "https://appstore912094.blob.core.windows.net/data/IIS_Config_video.ps1",
            "metadata": {},
            "name": "IIS_Config_video.ps1",
            "parallelism": 8,
            "size": 0,
            "source": "IIS_Config_video.ps1",
            "source_content": null,
            "source_uri": null,
            "storage_account_name": "appstore912094",
            "storage_container_name": "data",
            "timeouts": null,
            "type": "Block",
            "url": "https://appstore912094.blob.core.windows.net/data/IIS_Config_video.ps1"
          },
          "sensitive_attributes": [],
          "private": "eyJlMmJmYjczMC1lY2FhLTExZTYtOGY4OC0zNDM2M2JjN2M0YzAiOnsiY3JlYXRlIjoxODAwMDAwMDAwMDAwLCJkZWxldGUiOjE4MDAwMDAwMDAwMDAsInJlYWQiOjMwMDAwMDAwMDAwMCwidXBkYXRlIjoxODAwMDAwMDAwMDAwfSwic2NoZW1hX3ZlcnNpb24iOiIxIn0=",
          "dependencies": [
            "azurerm_resource_group.rg",
            "azurerm_storage_account.appstore",
            "azurerm_storage_container.data"
          ]
        }
      ]
    },
    {
      "mode": "managed",
      "type": "azurerm_storage_container",
      "name": "data",
      "provider": "provider[\"registry.terraform.io/hashicorp/azurerm\"]",
      "instances": [
        {
          "schema_version": 1,
          "attributes": {
            "container_access_type": "blob",
            "has_immutability_policy": false,
            "has_legal_hold": false,
            "id": "https://appstore912094.blob.core.windows.net/data",
            "metadata": {},
            "name": "data",
            "resource_manager_id": "/subscriptions/1be24ce6-f6e6-419f-9302-bd0497c96987/resourceGroups/raoul-rg/providers/Microsoft.Storage/storageAccounts/appstore912094/blobServices/default/containers/data",
            "storage_account_name": "appstore912094",
            "timeouts": null
          },
          "sensitive_attributes": [],
          "private": "eyJlMmJmYjczMC1lY2FhLTExZTYtOGY4OC0zNDM2M2JjN2M0YzAiOnsiY3JlYXRlIjoxODAwMDAwMDAwMDAwLCJkZWxldGUiOjE4MDAwMDAwMDAwMDAsInJlYWQiOjMwMDAwMDAwMDAwMCwidXBkYXRlIjoxODAwMDAwMDAwMDAwfSwic2NoZW1hX3ZlcnNpb24iOiIxIn0=",
          "dependencies": [
            "azurerm_resource_group.rg",
            "azurerm_storage_account.appstore"
          ]
        }
      ]
    },
    {
      "mode": "managed",
      "type": "azurerm_subnet",
      "name": "DMZ",
      "provider": "provider[\"registry.terraform.io/hashicorp/azurerm\"]",
      "instances": [
        {
          "schema_version": 0,
          "attributes": {
            "address_prefixes": [
              "10.0.0.0/24"
            ],
            "delegation": [],
            "enforce_private_link_endpoint_network_policies": false,
            "enforce_private_link_service_network_policies": false,
            "id": "/subscriptions/1be24ce6-f6e6-419f-9302-bd0497c96987/resourceGroups/raoul-rg/providers/Microsoft.Network/virtualNetworks/raoul-vnet/subnets/raoul-DMZ",
            "name": "raoul-DMZ",
            "resource_group_name": "raoul-rg",
            "service_endpoint_policy_ids": [],
            "service_endpoints": [],
            "timeouts": null,
            "virtual_network_name": "raoul-vnet"
          },
          "sensitive_attributes": [],
          "private": "eyJlMmJmYjczMC1lY2FhLTExZTYtOGY4OC0zNDM2M2JjN2M0YzAiOnsiY3JlYXRlIjoxODAwMDAwMDAwMDAwLCJkZWxldGUiOjE4MDAwMDAwMDAwMDAsInJlYWQiOjMwMDAwMDAwMDAwMCwidXBkYXRlIjoxODAwMDAwMDAwMDAwfX0=",
          "dependencies": [
            "azurerm_resource_group.rg",
            "azurerm_virtual_network.vnet"
          ]
        }
      ]
    },
    {
      "mode": "managed",
      "type": "azurerm_subnet",
      "name": "LAN",
      "provider": "provider[\"registry.terraform.io/hashicorp/azurerm\"]",
      "instances": [
        {
          "schema_version": 0,
          "attributes": {
            "address_prefixes": [
              "10.0.1.0/24"
            ],
            "delegation": [],
            "enforce_private_link_endpoint_network_policies": false,
            "enforce_private_link_service_network_policies": false,
            "id": "/subscriptions/1be24ce6-f6e6-419f-9302-bd0497c96987/resourceGroups/raoul-rg/providers/Microsoft.Network/virtualNetworks/raoul-vnet/subnets/raoul-LAN",
            "name": "raoul-LAN",
            "resource_group_name": "raoul-rg",
            "service_endpoint_policy_ids": [],
            "service_endpoints": [
              "Microsoft.Storage"
            ],
            "timeouts": null,
            "virtual_network_name": "raoul-vnet"
          },
          "sensitive_attributes": [],
          "private": "eyJlMmJmYjczMC1lY2FhLTExZTYtOGY4OC0zNDM2M2JjN2M0YzAiOnsiY3JlYXRlIjoxODAwMDAwMDAwMDAwLCJkZWxldGUiOjE4MDAwMDAwMDAwMDAsInJlYWQiOjMwMDAwMDAwMDAwMCwidXBkYXRlIjoxODAwMDAwMDAwMDAwfX0=",
          "dependencies": [
            "azurerm_resource_group.rg",
            "azurerm_virtual_network.vnet"
          ]
        }
      ]
    },
    {
      "mode": "managed",
      "type": "azurerm_subnet",
      "name": "Sub-DB",
      "provider": "provider[\"registry.terraform.io/hashicorp/azurerm\"]",
      "instances": [
        {
          "schema_version": 0,
          "attributes": {
            "address_prefixes": [
              "10.0.2.0/24"
            ],
            "delegation": [
              {
                "name": "DB-delegation",
                "service_delegation": [
                  {
                    "actions": [
                      "Microsoft.Network/virtualNetworks/subnets/join/action"
                    ],
                    "name": "Microsoft.DBforMySQL/flexibleServers"
                  }
                ]
              }
            ],
            "enforce_private_link_endpoint_network_policies": false,
            "enforce_private_link_service_network_policies": false,
            "id": "/subscriptions/1be24ce6-f6e6-419f-9302-bd0497c96987/resourceGroups/raoul-rg/providers/Microsoft.Network/virtualNetworks/raoul-vnet/subnets/raoul-Sub-DB",
            "name": "raoul-Sub-DB",
            "resource_group_name": "raoul-rg",
            "service_endpoint_policy_ids": [],
            "service_endpoints": [],
            "timeouts": null,
            "virtual_network_name": "raoul-vnet"
          },
          "sensitive_attributes": [],
          "private": "eyJlMmJmYjczMC1lY2FhLTExZTYtOGY4OC0zNDM2M2JjN2M0YzAiOnsiY3JlYXRlIjoxODAwMDAwMDAwMDAwLCJkZWxldGUiOjE4MDAwMDAwMDAwMDAsInJlYWQiOjMwMDAwMDAwMDAwMCwidXBkYXRlIjoxODAwMDAwMDAwMDAwfX0=",
          "dependencies": [
            "azurerm_resource_group.rg",
            "azurerm_virtual_network.vnet"
          ]
        }
      ]
    },
    {
      "mode": "managed",
      "type": "azurerm_subnet_network_security_group_association",
      "name": "nsg_association",
      "provider": "provider[\"registry.terraform.io/hashicorp/azurerm\"]",
      "instances": [
        {
          "schema_version": 0,
          "attributes": {
            "id": "/subscriptions/1be24ce6-f6e6-419f-9302-bd0497c96987/resourceGroups/raoul-rg/providers/Microsoft.Network/virtualNetworks/raoul-vnet/subnets/raoul-DMZ",
            "network_security_group_id": "/subscriptions/1be24ce6-f6e6-419f-9302-bd0497c96987/resourceGroups/raoul-rg/providers/Microsoft.Network/networkSecurityGroups/raoul-app-nsg",
            "subnet_id": "/subscriptions/1be24ce6-f6e6-419f-9302-bd0497c96987/resourceGroups/raoul-rg/providers/Microsoft.Network/virtualNetworks/raoul-vnet/subnets/raoul-DMZ",
            "timeouts": null
          },
          "sensitive_attributes": [],
          "private": "eyJlMmJmYjczMC1lY2FhLTExZTYtOGY4OC0zNDM2M2JjN2M0YzAiOnsiY3JlYXRlIjoxODAwMDAwMDAwMDAwLCJkZWxldGUiOjE4MDAwMDAwMDAwMDAsInJlYWQiOjMwMDAwMDAwMDAwMCwidXBkYXRlIjoxODAwMDAwMDAwMDAwfX0=",
          "dependencies": [
            "azurerm_network_security_group.app_nsg",
            "azurerm_resource_group.rg",
            "azurerm_subnet.DMZ",
            "azurerm_virtual_network.vnet"
          ]
        }
      ]
    },
    {
      "mode": "managed",
      "type": "azurerm_virtual_machine_extension",
      "name": "vm_extension1",
      "provider": "provider[\"registry.terraform.io/hashicorp/azurerm\"]",
      "instances": [
        {
          "schema_version": 0,
          "attributes": {
            "auto_upgrade_minor_version": false,
            "automatic_upgrade_enabled": false,
            "id": "/subscriptions/1be24ce6-f6e6-419f-9302-bd0497c96987/resourceGroups/raoul-rg/providers/Microsoft.Compute/virtualMachines/raoul-Web-vm1/extensions/raoul-vm-extension1",
            "name": "raoul-vm-extension1",
            "protected_settings": null,
            "publisher": "Microsoft.Compute",
            "settings": "{\"commandToExecute\":\"powershell -ExecutionPolicy Unrestricted -file IIS_Config_video.ps1\",\"fileUris\":[\"https://appstore912094.blob.core.windows.net/data/IIS_Config_video.ps1\"]}",
            "tags": null,
            "timeouts": null,
            "type": "CustomScriptExtension",
            "type_handler_version": "1.10",
            "virtual_machine_id": "/subscriptions/1be24ce6-f6e6-419f-9302-bd0497c96987/resourceGroups/raoul-rg/providers/Microsoft.Compute/virtualMachines/raoul-Web-vm1"
          },
          "sensitive_attributes": [],
          "private": "eyJlMmJmYjczMC1lY2FhLTExZTYtOGY4OC0zNDM2M2JjN2M0YzAiOnsiY3JlYXRlIjoxODAwMDAwMDAwMDAwLCJkZWxldGUiOjE4MDAwMDAwMDAwMDAsInJlYWQiOjMwMDAwMDAwMDAwMCwidXBkYXRlIjoxODAwMDAwMDAwMDAwfX0=",
          "dependencies": [
            "azurerm_network_interface.app_interface1",
            "azurerm_resource_group.rg",
            "azurerm_storage_account.appstore",
            "azurerm_storage_blob.IIS_config_video",
            "azurerm_storage_container.data",
            "azurerm_subnet.LAN",
            "azurerm_virtual_network.vnet",
            "azurerm_windows_virtual_machine.Web_vm1"
          ]
        }
      ]
    },
    {
      "mode": "managed",
      "type": "azurerm_virtual_machine_extension",
      "name": "vm_extension2",
      "provider": "provider[\"registry.terraform.io/hashicorp/azurerm\"]",
      "instances": [
        {
          "schema_version": 0,
          "attributes": {
            "auto_upgrade_minor_version": false,
            "automatic_upgrade_enabled": false,
            "id": "/subscriptions/1be24ce6-f6e6-419f-9302-bd0497c96987/resourceGroups/raoul-rg/providers/Microsoft.Compute/virtualMachines/raoul-web-vm2/extensions/raoul-vm-extension2",
            "name": "raoul-vm-extension2",
            "protected_settings": null,
            "publisher": "Microsoft.Compute",
            "settings": "{\"commandToExecute\":\"powershell -ExecutionPolicy Unrestricted -file IIS_Config_image.ps1\",\"fileUris\":[\"https://appstore912094.blob.core.windows.net/data/IIS_Config_image.ps1\"]}",
            "tags": null,
            "timeouts": null,
            "type": "CustomScriptExtension",
            "type_handler_version": "1.10",
            "virtual_machine_id": "/subscriptions/1be24ce6-f6e6-419f-9302-bd0497c96987/resourceGroups/raoul-rg/providers/Microsoft.Compute/virtualMachines/raoul-web-vm2"
          },
          "sensitive_attributes": [],
          "private": "eyJlMmJmYjczMC1lY2FhLTExZTYtOGY4OC0zNDM2M2JjN2M0YzAiOnsiY3JlYXRlIjoxODAwMDAwMDAwMDAwLCJkZWxldGUiOjE4MDAwMDAwMDAwMDAsInJlYWQiOjMwMDAwMDAwMDAwMCwidXBkYXRlIjoxODAwMDAwMDAwMDAwfX0=",
          "dependencies": [
            "azurerm_network_interface.app_interface2",
            "azurerm_resource_group.rg",
            "azurerm_storage_account.appstore",
            "azurerm_storage_blob.IIS_config_image",
            "azurerm_storage_container.data",
            "azurerm_subnet.LAN",
            "azurerm_virtual_network.vnet",
            "azurerm_windows_virtual_machine.Web_vm2"
          ]
        }
      ]
    },
    {
      "mode": "managed",
      "type": "azurerm_virtual_network",
      "name": "vnet",
      "provider": "provider[\"registry.terraform.io/hashicorp/azurerm\"]",
      "instances": [
        {
          "schema_version": 0,
          "attributes": {
            "address_space": [
              "10.0.0.0/16"
            ],
            "bgp_community": "",
            "ddos_protection_plan": [],
            "dns_servers": [],
            "edge_zone": "",
            "flow_timeout_in_minutes": 0,
            "guid": "c67c36a4-69e7-4640-bd7e-a89252056106",
            "id": "/subscriptions/1be24ce6-f6e6-419f-9302-bd0497c96987/resourceGroups/raoul-rg/providers/Microsoft.Network/virtualNetworks/raoul-vnet",
            "location": "westeurope",
            "name": "raoul-vnet",
            "resource_group_name": "raoul-rg",
            "subnet": [
              {
                "address_prefix": "10.0.0.0/24",
                "id": "/subscriptions/1be24ce6-f6e6-419f-9302-bd0497c96987/resourceGroups/raoul-rg/providers/Microsoft.Network/virtualNetworks/raoul-vnet/subnets/raoul-DMZ",
                "name": "raoul-DMZ",
                "security_group": "/subscriptions/1be24ce6-f6e6-419f-9302-bd0497c96987/resourceGroups/raoul-rg/providers/Microsoft.Network/networkSecurityGroups/raoul-app-nsg"
              },
              {
                "address_prefix": "10.0.1.0/24",
                "id": "/subscriptions/1be24ce6-f6e6-419f-9302-bd0497c96987/resourceGroups/raoul-rg/providers/Microsoft.Network/virtualNetworks/raoul-vnet/subnets/raoul-LAN",
                "name": "raoul-LAN",
                "security_group": ""
              },
              {
                "address_prefix": "10.0.2.0/24",
                "id": "/subscriptions/1be24ce6-f6e6-419f-9302-bd0497c96987/resourceGroups/raoul-rg/providers/Microsoft.Network/virtualNetworks/raoul-vnet/subnets/raoul-Sub-DB",
                "name": "raoul-Sub-DB",
                "security_group": ""
              }
            ],
            "tags": {
              "Environment": "SchoolProject",
              "Team": "DevOps"
            },
            "timeouts": null
          },
          "sensitive_attributes": [],
          "private": "eyJlMmJmYjczMC1lY2FhLTExZTYtOGY4OC0zNDM2M2JjN2M0YzAiOnsiY3JlYXRlIjoxODAwMDAwMDAwMDAwLCJkZWxldGUiOjE4MDAwMDAwMDAwMDAsInJlYWQiOjMwMDAwMDAwMDAwMCwidXBkYXRlIjoxODAwMDAwMDAwMDAwfX0=",
          "dependencies": [
            "azurerm_resource_group.rg"
          ]
        }
      ]
    },
    {
      "mode": "managed",
      "type": "azurerm_windows_virtual_machine",
      "name": "Web_vm1",
      "provider": "provider[\"registry.terraform.io/hashicorp/azurerm\"]",
      "instances": [
        {
          "schema_version": 0,
          "attributes": {
            "additional_capabilities": [],
            "additional_unattend_content": [],
            "admin_password": "Admin01!",
            "admin_username": "GebruikerRaoul",
            "allow_extension_operations": true,
            "availability_set_id": "",
            "boot_diagnostics": [],
            "computer_name": "raoul-Web-vm1",
            "custom_data": null,
            "dedicated_host_group_id": "",
            "dedicated_host_id": "",
            "edge_zone": "",
            "enable_automatic_updates": true,
            "encryption_at_host_enabled": false,
            "eviction_policy": "",
            "extensions_time_budget": "PT1H30M",
            "hotpatching_enabled": false,
            "id": "/subscriptions/1be24ce6-f6e6-419f-9302-bd0497c96987/resourceGroups/raoul-rg/providers/Microsoft.Compute/virtualMachines/raoul-Web-vm1",
            "identity": [],
            "license_type": "",
            "location": "westeurope",
            "max_bid_price": -1,
            "name": "raoul-Web-vm1",
            "network_interface_ids": [
              "/subscriptions/1be24ce6-f6e6-419f-9302-bd0497c96987/resourceGroups/raoul-rg/providers/Microsoft.Network/networkInterfaces/raoul-app-interface1"
            ],
            "os_disk": [
              {
                "caching": "ReadWrite",
                "diff_disk_settings": [],
                "disk_encryption_set_id": "",
                "disk_size_gb": 127,
                "name": "raoul-Web-vm1_disk1_895d9a3ed9d44408af5e8bc2b9080f39",
                "storage_account_type": "Standard_LRS",
                "write_accelerator_enabled": false
              }
            ],
            "patch_mode": "AutomaticByOS",
            "plan": [],
            "platform_fault_domain": -1,
            "priority": "Regular",
            "private_ip_address": "10.0.1.4",
            "private_ip_addresses": [
              "10.0.1.4"
            ],
            "provision_vm_agent": true,
            "proximity_placement_group_id": "",
            "public_ip_address": "",
            "public_ip_addresses": [],
            "resource_group_name": "raoul-rg",
            "secret": [],
            "secure_boot_enabled": false,
            "size": "Standard_B1s",
            "source_image_id": "",
            "source_image_reference": [
              {
                "offer": "WindowsServer",
                "publisher": "MicrosoftWindowsServer",
                "sku": "2019-Datacenter",
                "version": "latest"
              }
            ],
            "tags": null,
            "termination_notification": null,
            "timeouts": null,
            "timezone": "",
            "user_data": "",
            "virtual_machine_id": "866e06de-aee2-4b38-ade3-3d6176870dde",
            "virtual_machine_scale_set_id": "",
            "vtpm_enabled": false,
            "winrm_listener": [],
            "zone": ""
          },
          "sensitive_attributes": [],
          "private": "eyJlMmJmYjczMC1lY2FhLTExZTYtOGY4OC0zNDM2M2JjN2M0YzAiOnsiY3JlYXRlIjoyNzAwMDAwMDAwMDAwLCJkZWxldGUiOjI3MDAwMDAwMDAwMDAsInJlYWQiOjMwMDAwMDAwMDAwMCwidXBkYXRlIjoyNzAwMDAwMDAwMDAwfX0=",
          "dependencies": [
            "azurerm_network_interface.app_interface1",
            "azurerm_resource_group.rg",
            "azurerm_subnet.LAN",
            "azurerm_virtual_network.vnet"
          ]
        }
      ]
    },
    {
      "mode": "managed",
      "type": "azurerm_windows_virtual_machine",
      "name": "Web_vm2",
      "provider": "provider[\"registry.terraform.io/hashicorp/azurerm\"]",
      "instances": [
        {
          "schema_version": 0,
          "attributes": {
            "additional_capabilities": [],
            "additional_unattend_content": [],
            "admin_password": "Admin01!",
            "admin_username": "GebruikerRaoul",
            "allow_extension_operations": true,
            "availability_set_id": "",
            "boot_diagnostics": [],
            "computer_name": "raoul-web-vm2",
            "custom_data": null,
            "dedicated_host_group_id": "",
            "dedicated_host_id": "",
            "edge_zone": "",
            "enable_automatic_updates": true,
            "encryption_at_host_enabled": false,
            "eviction_policy": "",
            "extensions_time_budget": "PT1H30M",
            "hotpatching_enabled": false,
            "id": "/subscriptions/1be24ce6-f6e6-419f-9302-bd0497c96987/resourceGroups/raoul-rg/providers/Microsoft.Compute/virtualMachines/raoul-web-vm2",
            "identity": [],
            "license_type": "",
            "location": "westeurope",
            "max_bid_price": -1,
            "name": "raoul-web-vm2",
            "network_interface_ids": [
              "/subscriptions/1be24ce6-f6e6-419f-9302-bd0497c96987/resourceGroups/raoul-rg/providers/Microsoft.Network/networkInterfaces/raoul-app-interface2"
            ],
            "os_disk": [
              {
                "caching": "ReadWrite",
                "diff_disk_settings": [],
                "disk_encryption_set_id": "",
                "disk_size_gb": 127,
                "name": "raoul-web-vm2_OsDisk_1_55246648f40a436e8d09bcf5df95b2e0",
                "storage_account_type": "Standard_LRS",
                "write_accelerator_enabled": false
              }
            ],
            "patch_mode": "AutomaticByOS",
            "plan": [],
            "platform_fault_domain": -1,
            "priority": "Regular",
            "private_ip_address": "10.0.1.5",
            "private_ip_addresses": [
              "10.0.1.5"
            ],
            "provision_vm_agent": true,
            "proximity_placement_group_id": "",
            "public_ip_address": "",
            "public_ip_addresses": [],
            "resource_group_name": "raoul-rg",
            "secret": [],
            "secure_boot_enabled": false,
            "size": "Standard_B1s",
            "source_image_id": "",
            "source_image_reference": [
              {
                "offer": "WindowsServer",
                "publisher": "MicrosoftWindowsServer",
                "sku": "2019-Datacenter",
                "version": "latest"
              }
            ],
            "tags": null,
            "termination_notification": null,
            "timeouts": null,
            "timezone": "",
            "user_data": "",
            "virtual_machine_id": "72f92756-10cc-4e46-95e2-f908beecc0e0",
            "virtual_machine_scale_set_id": "",
            "vtpm_enabled": false,
            "winrm_listener": [],
            "zone": ""
          },
          "sensitive_attributes": [],
          "private": "eyJlMmJmYjczMC1lY2FhLTExZTYtOGY4OC0zNDM2M2JjN2M0YzAiOnsiY3JlYXRlIjoyNzAwMDAwMDAwMDAwLCJkZWxldGUiOjI3MDAwMDAwMDAwMDAsInJlYWQiOjMwMDAwMDAwMDAwMCwidXBkYXRlIjoyNzAwMDAwMDAwMDAwfX0=",
          "dependencies": [
            "azurerm_network_interface.app_interface2",
            "azurerm_resource_group.rg",
            "azurerm_subnet.LAN",
            "azurerm_virtual_network.vnet"
          ]
        }
      ]
    }
  ],
  "check_results": []
}
