{
  "version": 4,
  "terraform_version": "1.3.6",
  "serial": 767,
  "lineage": "d07d1857-76dc-041f-e4c0-b152a209c819",
  "outputs": {},
  "resources": [
    {
      "mode": "managed",
      "type": "azurerm_application_gateway",
      "name": "app_gateway",
      "provider": "provider[\"registry.terraform.io/hashicorp/azurerm\"]",
      "instances": [
        {
          "schema_version": 0,
          "attributes": {
            "authentication_certificate": [],
            "autoscale_configuration": [],
            "backend_address_pool": [
              {
                "fqdns": [],
                "id": "/subscriptions/1be24ce6-f6e6-419f-9302-bd0497c96987/resourceGroups/raoul-rg/providers/Microsoft.Network/applicationGateways/raoul-app-gateway/backendAddressPools/imagepool",
                "ip_addresses": [
                  "10.0.1.4"
                ],
                "name": "imagepool"
              },
              {
                "fqdns": [],
                "id": "/subscriptions/1be24ce6-f6e6-419f-9302-bd0497c96987/resourceGroups/raoul-rg/providers/Microsoft.Network/applicationGateways/raoul-app-gateway/backendAddressPools/videopool",
                "ip_addresses": [
                  "10.0.1.5"
                ],
                "name": "videopool"
              }
            ],
            "backend_http_settings": [
              {
                "affinity_cookie_name": "",
                "authentication_certificate": [],
                "connection_draining": [],
                "cookie_based_affinity": "Disabled",
                "host_name": "",
                "id": "/subscriptions/1be24ce6-f6e6-419f-9302-bd0497c96987/resourceGroups/raoul-rg/providers/Microsoft.Network/applicationGateways/raoul-app-gateway/backendHttpSettingsCollection/raoul-HTTPSetting",
                "name": "raoul-HTTPSetting",
                "path": "",
                "pick_host_name_from_backend_address": false,
                "port": 80,
                "probe_id": "",
                "probe_name": "",
                "protocol": "Http",
                "request_timeout": 60,
                "trusted_root_certificate_names": []
              }
            ],
            "custom_error_configuration": [],
            "enable_http2": false,
            "fips_enabled": false,
            "firewall_policy_id": null,
            "force_firewall_policy_association": false,
            "frontend_ip_configuration": [
              {
                "id": "/subscriptions/1be24ce6-f6e6-419f-9302-bd0497c96987/resourceGroups/raoul-rg/providers/Microsoft.Network/applicationGateways/raoul-app-gateway/frontendIPConfigurations/raoul-front-end-ip-config",
                "name": "raoul-front-end-ip-config",
                "private_ip_address": "",
                "private_ip_address_allocation": "Dynamic",
                "private_link_configuration_id": "",
                "private_link_configuration_name": "",
                "public_ip_address_id": "/subscriptions/1be24ce6-f6e6-419f-9302-bd0497c96987/resourceGroups/raoul-rg/providers/Microsoft.Network/publicIPAddresses/raoul-gateway-ip",
                "subnet_id": ""
              }
            ],
            "frontend_port": [
              {
                "id": "/subscriptions/1be24ce6-f6e6-419f-9302-bd0497c96987/resourceGroups/raoul-rg/providers/Microsoft.Network/applicationGateways/raoul-app-gateway/frontendPorts/raoul-front-end-port",
                "name": "raoul-front-end-port",
                "port": 80
              }
            ],
            "gateway_ip_configuration": [
              {
                "id": "/subscriptions/1be24ce6-f6e6-419f-9302-bd0497c96987/resourceGroups/raoul-rg/providers/Microsoft.Network/applicationGateways/raoul-app-gateway/gatewayIPConfigurations/raoul-gateway-ip-config",
                "name": "raoul-gateway-ip-config",
                "subnet_id": "/subscriptions/1be24ce6-f6e6-419f-9302-bd0497c96987/resourceGroups/raoul-rg/providers/Microsoft.Network/virtualNetworks/raoul-vnet/subnets/raoul-DMZ"
              }
            ],
            "http_listener": [
              {
                "custom_error_configuration": [],
                "firewall_policy_id": "",
                "frontend_ip_configuration_id": "/subscriptions/1be24ce6-f6e6-419f-9302-bd0497c96987/resourceGroups/raoul-rg/providers/Microsoft.Network/applicationGateways/raoul-app-gateway/frontendIPConfigurations/raoul-front-end-ip-config",
                "frontend_ip_configuration_name": "raoul-front-end-ip-config",
                "frontend_port_id": "/subscriptions/1be24ce6-f6e6-419f-9302-bd0497c96987/resourceGroups/raoul-rg/providers/Microsoft.Network/applicationGateways/raoul-app-gateway/frontendPorts/raoul-front-end-port",
                "frontend_port_name": "raoul-front-end-port",
                "host_name": "",
                "host_names": [],
                "id": "/subscriptions/1be24ce6-f6e6-419f-9302-bd0497c96987/resourceGroups/raoul-rg/providers/Microsoft.Network/applicationGateways/raoul-app-gateway/httpListeners/raoul-gateway-listener",
                "name": "raoul-gateway-listener",
                "protocol": "Http",
                "require_sni": false,
                "ssl_certificate_id": "",
                "ssl_certificate_name": "",
                "ssl_profile_id": "",
                "ssl_profile_name": ""
              }
            ],
            "id": "/subscriptions/1be24ce6-f6e6-419f-9302-bd0497c96987/resourceGroups/raoul-rg/providers/Microsoft.Network/applicationGateways/raoul-app-gateway",
            "identity": [],
            "location": "westeurope",
            "name": "raoul-app-gateway",
            "private_endpoint_connection": [],
            "private_link_configuration": [],
            "probe": [],
            "redirect_configuration": [],
            "request_routing_rule": [
              {
                "backend_address_pool_id": "",
                "backend_address_pool_name": "",
                "backend_http_settings_id": "",
                "backend_http_settings_name": "",
                "http_listener_id": "/subscriptions/1be24ce6-f6e6-419f-9302-bd0497c96987/resourceGroups/raoul-rg/providers/Microsoft.Network/applicationGateways/raoul-app-gateway/httpListeners/raoul-gateway-listener",
                "http_listener_name": "raoul-gateway-listener",
                "id": "/subscriptions/1be24ce6-f6e6-419f-9302-bd0497c96987/resourceGroups/raoul-rg/providers/Microsoft.Network/applicationGateways/raoul-app-gateway/requestRoutingRules/raoul-RoutingRuleA",
                "name": "raoul-RoutingRuleA",
                "priority": 0,
                "redirect_configuration_id": "",
                "redirect_configuration_name": "",
                "rewrite_rule_set_id": "",
                "rewrite_rule_set_name": "",
                "rule_type": "PathBasedRouting",
                "url_path_map_id": "/subscriptions/1be24ce6-f6e6-419f-9302-bd0497c96987/resourceGroups/raoul-rg/providers/Microsoft.Network/applicationGateways/raoul-app-gateway/urlPathMaps/raoul-RoutingPath",
                "url_path_map_name": "raoul-RoutingPath"
              }
            ],
            "resource_group_name": "raoul-rg",
            "rewrite_rule_set": [],
            "sku": [
              {
                "capacity": 2,
                "name": "Standard_Small",
                "tier": "Standard"
              }
            ],
            "ssl_certificate": [],
            "ssl_policy": [
              {
                "cipher_suites": [],
                "disabled_protocols": [],
                "min_protocol_version": "",
                "policy_name": "AppGwSslPolicy20150501",
                "policy_type": "Predefined"
              }
            ],
            "ssl_profile": [],
            "tags": null,
            "timeouts": null,
            "trusted_client_certificate": [],
            "trusted_root_certificate": [],
            "url_path_map": [
              {
                "default_backend_address_pool_id": "/subscriptions/1be24ce6-f6e6-419f-9302-bd0497c96987/resourceGroups/raoul-rg/providers/Microsoft.Network/applicationGateways/raoul-app-gateway/backendAddressPools/videopool",
                "default_backend_address_pool_name": "videopool",
                "default_backend_http_settings_id": "/subscriptions/1be24ce6-f6e6-419f-9302-bd0497c96987/resourceGroups/raoul-rg/providers/Microsoft.Network/applicationGateways/raoul-app-gateway/backendHttpSettingsCollection/raoul-HTTPSetting",
                "default_backend_http_settings_name": "raoul-HTTPSetting",
                "default_redirect_configuration_id": "",
                "default_redirect_configuration_name": "",
                "default_rewrite_rule_set_id": "",
                "default_rewrite_rule_set_name": "",
                "id": "/subscriptions/1be24ce6-f6e6-419f-9302-bd0497c96987/resourceGroups/raoul-rg/providers/Microsoft.Network/applicationGateways/raoul-app-gateway/urlPathMaps/raoul-RoutingPath",
                "name": "raoul-RoutingPath",
                "path_rule": [
                  {
                    "backend_address_pool_id": "/subscriptions/1be24ce6-f6e6-419f-9302-bd0497c96987/resourceGroups/raoul-rg/providers/Microsoft.Network/applicationGateways/raoul-app-gateway/backendAddressPools/videopool",
                    "backend_address_pool_name": "videopool",
                    "backend_http_settings_id": "/subscriptions/1be24ce6-f6e6-419f-9302-bd0497c96987/resourceGroups/raoul-rg/providers/Microsoft.Network/applicationGateways/raoul-app-gateway/backendHttpSettingsCollection/raoul-HTTPSetting",
                    "backend_http_settings_name": "raoul-HTTPSetting",
                    "firewall_policy_id": "",
                    "id": "/subscriptions/1be24ce6-f6e6-419f-9302-bd0497c96987/resourceGroups/raoul-rg/providers/Microsoft.Network/applicationGateways/raoul-app-gateway/urlPathMaps/raoul-RoutingPath/pathRules/VideoRoutingRule",
                    "name": "VideoRoutingRule",
                    "paths": [
                      "/videos/*"
                    ],
                    "redirect_configuration_id": "",
                    "redirect_configuration_name": "",
                    "rewrite_rule_set_id": "",
                    "rewrite_rule_set_name": ""
                  },
                  {
                    "backend_address_pool_id": "/subscriptions/1be24ce6-f6e6-419f-9302-bd0497c96987/resourceGroups/raoul-rg/providers/Microsoft.Network/applicationGateways/raoul-app-gateway/backendAddressPools/imagepool",
                    "backend_address_pool_name": "imagepool",
                    "backend_http_settings_id": "/subscriptions/1be24ce6-f6e6-419f-9302-bd0497c96987/resourceGroups/raoul-rg/providers/Microsoft.Network/applicationGateways/raoul-app-gateway/backendHttpSettingsCollection/raoul-HTTPSetting",
                    "backend_http_settings_name": "raoul-HTTPSetting",
                    "firewall_policy_id": "",
                    "id": "/subscriptions/1be24ce6-f6e6-419f-9302-bd0497c96987/resourceGroups/raoul-rg/providers/Microsoft.Network/applicationGateways/raoul-app-gateway/urlPathMaps/raoul-RoutingPath/pathRules/ImageRoutingRule",
                    "name": "ImageRoutingRule",
                    "paths": [
                      "/images/*"
                    ],
                    "redirect_configuration_id": "",
                    "redirect_configuration_name": "",
                    "rewrite_rule_set_id": "",
                    "rewrite_rule_set_name": ""
                  }
                ]
              }
            ],
            "waf_configuration": [],
            "zones": null
          },
          "sensitive_attributes": [],
          "private": "eyJlMmJmYjczMC1lY2FhLTExZTYtOGY4OC0zNDM2M2JjN2M0YzAiOnsiY3JlYXRlIjo1NDAwMDAwMDAwMDAwLCJkZWxldGUiOjU0MDAwMDAwMDAwMDAsInJlYWQiOjMwMDAwMDAwMDAwMCwidXBkYXRlIjo1NDAwMDAwMDAwMDAwfX0=",
          "dependencies": [
            "azurerm_network_interface.app_interface1",
            "azurerm_network_interface.app_interface2",
            "azurerm_public_ip.gateway_ip",
            "azurerm_resource_group.rg",
            "azurerm_subnet.DMZ",
            "azurerm_subnet.LAN",
            "azurerm_virtual_network.vnet"
          ]
        }
      ]
    },
    {
      "mode": "managed",
      "type": "azurerm_network_interface",
      "name": "app_interface1",
      "provider": "provider[\"registry.terraform.io/hashicorp/azurerm\"]",
      "instances": [
        {
          "schema_version": 0,
          "attributes": {
            "applied_dns_servers": [],
            "dns_servers": [],
            "edge_zone": "",
            "enable_accelerated_networking": false,
            "enable_ip_forwarding": false,
            "id": "/subscriptions/1be24ce6-f6e6-419f-9302-bd0497c96987/resourceGroups/raoul-rg/providers/Microsoft.Network/networkInterfaces/raoul-app-interface1",
            "internal_dns_name_label": "",
            "internal_domain_name_suffix": "0sg2kpkka03ehbcwpd4zuzhwnf.ax.internal.cloudapp.net",
            "ip_configuration": [
              {
                "gateway_load_balancer_frontend_ip_configuration_id": "",
                "name": "internal",
                "primary": true,
                "private_ip_address": "10.0.1.5",
                "private_ip_address_allocation": "Dynamic",
                "private_ip_address_version": "IPv4",
                "public_ip_address_id": "",
                "subnet_id": "/subscriptions/1be24ce6-f6e6-419f-9302-bd0497c96987/resourceGroups/raoul-rg/providers/Microsoft.Network/virtualNetworks/raoul-vnet/subnets/raoul-LAN"
              }
            ],
            "location": "westeurope",
            "mac_address": "",
            "name": "raoul-app-interface1",
            "private_ip_address": "10.0.1.5",
            "private_ip_addresses": [
              "10.0.1.5"
            ],
            "resource_group_name": "raoul-rg",
            "tags": null,
            "timeouts": null,
            "virtual_machine_id": ""
          },
          "sensitive_attributes": [],
          "private": "eyJlMmJmYjczMC1lY2FhLTExZTYtOGY4OC0zNDM2M2JjN2M0YzAiOnsiY3JlYXRlIjoxODAwMDAwMDAwMDAwLCJkZWxldGUiOjE4MDAwMDAwMDAwMDAsInJlYWQiOjMwMDAwMDAwMDAwMCwidXBkYXRlIjoxODAwMDAwMDAwMDAwfX0=",
          "dependencies": [
            "azurerm_resource_group.rg",
            "azurerm_subnet.LAN",
            "azurerm_virtual_network.vnet"
          ]
        }
      ]
    },
    {
      "mode": "managed",
      "type": "azurerm_network_interface",
      "name": "app_interface2",
      "provider": "provider[\"registry.terraform.io/hashicorp/azurerm\"]",
      "instances": [
        {
          "schema_version": 0,
          "attributes": {
            "applied_dns_servers": [],
            "dns_servers": [],
            "edge_zone": "",
            "enable_accelerated_networking": false,
            "enable_ip_forwarding": false,
            "id": "/subscriptions/1be24ce6-f6e6-419f-9302-bd0497c96987/resourceGroups/raoul-rg/providers/Microsoft.Network/networkInterfaces/raoul-app-interface2",
            "internal_dns_name_label": "",
            "internal_domain_name_suffix": "0sg2kpkka03ehbcwpd4zuzhwnf.ax.internal.cloudapp.net",
            "ip_configuration": [
              {
                "gateway_load_balancer_frontend_ip_configuration_id": "",
                "name": "internal",
                "primary": true,
                "private_ip_address": "10.0.1.4",
                "private_ip_address_allocation": "Dynamic",
                "private_ip_address_version": "IPv4",
                "public_ip_address_id": "",
                "subnet_id": "/subscriptions/1be24ce6-f6e6-419f-9302-bd0497c96987/resourceGroups/raoul-rg/providers/Microsoft.Network/virtualNetworks/raoul-vnet/subnets/raoul-LAN"
              }
            ],
            "location": "westeurope",
            "mac_address": "",
            "name": "raoul-app-interface2",
            "private_ip_address": "10.0.1.4",
            "private_ip_addresses": [
              "10.0.1.4"
            ],
            "resource_group_name": "raoul-rg",
            "tags": null,
            "timeouts": null,
            "virtual_machine_id": ""
          },
          "sensitive_attributes": [],
          "private": "eyJlMmJmYjczMC1lY2FhLTExZTYtOGY4OC0zNDM2M2JjN2M0YzAiOnsiY3JlYXRlIjoxODAwMDAwMDAwMDAwLCJkZWxldGUiOjE4MDAwMDAwMDAwMDAsInJlYWQiOjMwMDAwMDAwMDAwMCwidXBkYXRlIjoxODAwMDAwMDAwMDAwfX0=",
          "dependencies": [
            "azurerm_resource_group.rg",
            "azurerm_subnet.LAN",
            "azurerm_virtual_network.vnet"
          ]
        }
      ]
    },
    {
      "mode": "managed",
      "type": "azurerm_network_security_group",
      "name": "app_nsg",
      "provider": "provider[\"registry.terraform.io/hashicorp/azurerm\"]",
      "instances": [
        {
          "schema_version": 0,
          "attributes": {
            "id": "/subscriptions/1be24ce6-f6e6-419f-9302-bd0497c96987/resourceGroups/raoul-rg/providers/Microsoft.Network/networkSecurityGroups/raoul-app-nsg",
            "location": "westeurope",
            "name": "raoul-app-nsg",
            "resource_group_name": "raoul-rg",
            "security_rule": [
              {
                "access": "Allow",
                "description": "",
                "destination_address_prefix": "*",
                "destination_address_prefixes": [],
                "destination_application_security_group_ids": [],
                "destination_port_range": "80",
                "destination_port_ranges": [],
                "direction": "Inbound",
                "name": "Allow_HTTP",
                "priority": 200,
                "protocol": "Tcp",
                "source_address_prefix": "*",
                "source_address_prefixes": [],
                "source_application_security_group_ids": [],
                "source_port_range": "*",
                "source_port_ranges": []
              }
            ],
            "tags": null,
            "timeouts": null
          },
          "sensitive_attributes": [],
          "private": "eyJlMmJmYjczMC1lY2FhLTExZTYtOGY4OC0zNDM2M2JjN2M0YzAiOnsiY3JlYXRlIjoxODAwMDAwMDAwMDAwLCJkZWxldGUiOjE4MDAwMDAwMDAwMDAsInJlYWQiOjMwMDAwMDAwMDAwMCwidXBkYXRlIjoxODAwMDAwMDAwMDAwfX0=",
          "dependencies": [
            "azurerm_resource_group.rg",
            "azurerm_subnet.DMZ",
            "azurerm_virtual_network.vnet"
          ]
        }
      ]
    },
    {
      "mode": "managed",
      "type": "azurerm_private_dns_zone",
      "name": "pdns",
      "provider": "provider[\"registry.terraform.io/hashicorp/azurerm\"]",
      "instances": [
        {
          "schema_version": 0,
          "attributes": {
            "id": "/subscriptions/1be24ce6-f6e6-419f-9302-bd0497c96987/resourceGroups/raoul-rg/providers/Microsoft.Network/privateDnsZones/subdomain.raoul.mysql.database.azure.com",
            "max_number_of_record_sets": 25000,
            "max_number_of_virtual_network_links": 1000,
            "max_number_of_virtual_network_links_with_registration": 100,
            "name": "subdomain.raoul.mysql.database.azure.com",
            "number_of_record_sets": 1,
            "resource_group_name": "raoul-rg",
            "soa_record": [
              {
                "email": "azureprivatedns-host.microsoft.com",
                "expire_time": 2419200,
                "fqdn": "subdomain.raoul.mysql.database.azure.com.",
                "host_name": "azureprivatedns.net",
                "minimum_ttl": 10,
                "refresh_time": 3600,
                "retry_time": 300,
                "serial_number": 1,
                "tags": {},
                "ttl": 3600
              }
            ],
            "tags": null,
            "timeouts": null
          },
          "sensitive_attributes": [],
          "private": "eyJlMmJmYjczMC1lY2FhLTExZTYtOGY4OC0zNDM2M2JjN2M0YzAiOnsiY3JlYXRlIjoxODAwMDAwMDAwMDAwLCJkZWxldGUiOjE4MDAwMDAwMDAwMDAsInJlYWQiOjMwMDAwMDAwMDAwMCwidXBkYXRlIjoxODAwMDAwMDAwMDAwfX0=",
          "dependencies": [
            "azurerm_resource_group.rg"
          ]
        }
      ]
    },
    {
      "mode": "managed",
      "type": "azurerm_private_dns_zone_virtual_network_link",
      "name": "pdnslink",
      "provider": "provider[\"registry.terraform.io/hashicorp/azurerm\"]",
      "instances": [
        {
          "schema_version": 0,
          "attributes": {
            "id": "/subscriptions/1be24ce6-f6e6-419f-9302-bd0497c96987/resourceGroups/raoul-rg/providers/Microsoft.Network/privateDnsZones/subdomain.raoul.mysql.database.azure.com/virtualNetworkLinks/raoul-pdnslink",
            "name": "raoul-pdnslink",
            "private_dns_zone_name": "subdomain.raoul.mysql.database.azure.com",
            "registration_enabled": false,
            "resource_group_name": "raoul-rg",
            "tags": null,
            "timeouts": null,
            "virtual_network_id": "/subscriptions/1be24ce6-f6e6-419f-9302-bd0497c96987/resourceGroups/raoul-rg/providers/Microsoft.Network/virtualNetworks/raoul-vnet"
          },
          "sensitive_attributes": [],
          "private": "eyJlMmJmYjczMC1lY2FhLTExZTYtOGY4OC0zNDM2M2JjN2M0YzAiOnsiY3JlYXRlIjoxODAwMDAwMDAwMDAwLCJkZWxldGUiOjE4MDAwMDAwMDAwMDAsInJlYWQiOjMwMDAwMDAwMDAwMCwidXBkYXRlIjoxODAwMDAwMDAwMDAwfX0=",
          "dependencies": [
            "azurerm_private_dns_zone.pdns",
            "azurerm_resource_group.rg",
            "azurerm_virtual_network.vnet"
          ]
        }
      ]
    },
    {
      "mode": "managed",
      "type": "azurerm_public_ip",
      "name": "gateway_ip",
      "provider": "provider[\"registry.terraform.io/hashicorp/azurerm\"]",
      "instances": [
        {
          "schema_version": 0,
          "attributes": {
            "allocation_method": "Dynamic",
            "domain_name_label": null,
            "edge_zone": "",
            "fqdn": null,
            "id": "/subscriptions/1be24ce6-f6e6-419f-9302-bd0497c96987/resourceGroups/raoul-rg/providers/Microsoft.Network/publicIPAddresses/raoul-gateway-ip",
            "idle_timeout_in_minutes": 4,
            "ip_address": "",
            "ip_tags": null,
            "ip_version": "IPv4",
            "location": "westeurope",
            "name": "raoul-gateway-ip",
            "public_ip_prefix_id": null,
            "resource_group_name": "raoul-rg",
            "reverse_fqdn": null,
            "sku": "Basic",
            "sku_tier": "Regional",
            "tags": null,
            "timeouts": null,
            "zones": null
          },
          "sensitive_attributes": [],
          "private": "eyJlMmJmYjczMC1lY2FhLTExZTYtOGY4OC0zNDM2M2JjN2M0YzAiOnsiY3JlYXRlIjoxODAwMDAwMDAwMDAwLCJkZWxldGUiOjE4MDAwMDAwMDAwMDAsInJlYWQiOjMwMDAwMDAwMDAwMCwidXBkYXRlIjoxODAwMDAwMDAwMDAwfX0=",
          "dependencies": [
            "azurerm_resource_group.rg"
          ]
        }
      ]
    },
    {
      "mode": "managed",
      "type": "azurerm_resource_group",
      "name": "rg",
      "provider": "provider[\"registry.terraform.io/hashicorp/azurerm\"]",
      "instances": [
        {
          "schema_version": 0,
          "attributes": {
            "id": "/subscriptions/1be24ce6-f6e6-419f-9302-bd0497c96987/resourceGroups/raoul-rg",
            "location": "westeurope",
            "name": "raoul-rg",
            "tags": {
              "Environment": "SchoolProject",
              "Team": "DevOps"
            },
            "timeouts": null
          },
          "sensitive_attributes": [],
          "private": "eyJlMmJmYjczMC1lY2FhLTExZTYtOGY4OC0zNDM2M2JjN2M0YzAiOnsiY3JlYXRlIjo1NDAwMDAwMDAwMDAwLCJkZWxldGUiOjU0MDAwMDAwMDAwMDAsInJlYWQiOjMwMDAwMDAwMDAwMCwidXBkYXRlIjo1NDAwMDAwMDAwMDAwfX0="
        }
      ]
    },
    {
      "mode": "managed",
      "type": "azurerm_storage_account",
      "name": "appstore",
      "provider": "provider[\"registry.terraform.io/hashicorp/azurerm\"]",
      "instances": [
        {
          "schema_version": 3,
          "attributes": {
            "access_tier": "Hot",
            "account_kind": "StorageV2",
            "account_replication_type": "LRS",
            "account_tier": "Standard",
            "allow_nested_items_to_be_public": true,
            "azure_files_authentication": [],
            "blob_properties": [
              {
                "change_feed_enabled": false,
                "container_delete_retention_policy": [],
                "cors_rule": [],
                "default_service_version": "",
                "delete_retention_policy": [],
                "last_access_time_enabled": false,
                "versioning_enabled": false
              }
            ],
            "custom_domain": [],
            "customer_managed_key": [],
            "edge_zone": "",
            "enable_https_traffic_only": true,
            "id": "/subscriptions/1be24ce6-f6e6-419f-9302-bd0497c96987/resourceGroups/raoul-rg/providers/Microsoft.Storage/storageAccounts/appstore912094",
            "identity": [],
            "infrastructure_encryption_enabled": false,
            "is_hns_enabled": false,
            "large_file_share_enabled": null,
            "location": "westeurope",
            "min_tls_version": "TLS1_2",
            "name": "appstore912094",
            "network_rules": [
              {
                "bypass": [
                  "AzureServices"
                ],
                "default_action": "Allow",
                "ip_rules": [],
                "private_link_access": [],
                "virtual_network_subnet_ids": []
              }
            ],
            "nfsv3_enabled": false,
            "primary_access_key": "hPgwV9dwXDWpjIvAQ/QTGXk8jUHY/QWt5rzj0XW9ae/na/gmx86mX6PJbXfyf9I2a3AsHnKyXgDn+AStb1kY5A==",
            "primary_blob_connection_string": "DefaultEndpointsProtocol=https;BlobEndpoint=https://appstore912094.blob.core.windows.net/;AccountName=appstore912094;AccountKey=hPgwV9dwXDWpjIvAQ/QTGXk8jUHY/QWt5rzj0XW9ae/na/gmx86mX6PJbXfyf9I2a3AsHnKyXgDn+AStb1kY5A==",
            "primary_blob_endpoint": "https://appstore912094.blob.core.windows.net/",
            "primary_blob_host": "appstore912094.blob.core.windows.net",
            "primary_connection_string": "DefaultEndpointsProtocol=https;AccountName=appstore912094;AccountKey=hPgwV9dwXDWpjIvAQ/QTGXk8jUHY/QWt5rzj0XW9ae/na/gmx86mX6PJbXfyf9I2a3AsHnKyXgDn+AStb1kY5A==;EndpointSuffix=core.windows.net",
            "primary_dfs_endpoint": "https://appstore912094.dfs.core.windows.net/",
            "primary_dfs_host": "appstore912094.dfs.core.windows.net",
            "primary_file_endpoint": "https://appstore912094.file.core.windows.net/",
            "primary_file_host": "appstore912094.file.core.windows.net",
            "primary_location": "westeurope",
            "primary_queue_endpoint": "https://appstore912094.queue.core.windows.net/",
            "primary_queue_host": "appstore912094.queue.core.windows.net",
            "primary_table_endpoint": "https://appstore912094.table.core.windows.net/",
            "primary_table_host": "appstore912094.table.core.windows.net",
            "primary_web_endpoint": "https://appstore912094.z6.web.core.windows.net/",
            "primary_web_host": "appstore912094.z6.web.core.windows.net",
            "queue_encryption_key_type": "Service",
            "queue_properties": [
              {
                "cors_rule": [],
                "hour_metrics": [
                  {
                    "enabled": true,
                    "include_apis": true,
                    "retention_policy_days": 7,
                    "version": "1.0"
                  }
                ],
                "logging": [
                  {
                    "delete": false,
                    "read": false,
                    "retention_policy_days": 0,
                    "version": "1.0",
                    "write": false
                  }
                ],
                "minute_metrics": [
                  {
                    "enabled": false,
                    "include_apis": false,
                    "retention_policy_days": 0,
                    "version": "1.0"
                  }
                ]
              }
            ],
            "resource_group_name": "raoul-rg",
            "routing": [],
            "secondary_access_key": "ECgjFEgr7gG2rv46YDez+Ef78jD85oOQC3s2g7ubOkhSuBsnxen4AkYNMNaE69MWQCJLiQUYYonB+ASt6k31fg==",
            "secondary_blob_connection_string": "",
            "secondary_blob_endpoint": null,
            "secondary_blob_host": null,
            "secondary_connection_string": "DefaultEndpointsProtocol=https;AccountName=appstore912094;AccountKey=ECgjFEgr7gG2rv46YDez+Ef78jD85oOQC3s2g7ubOkhSuBsnxen4AkYNMNaE69MWQCJLiQUYYonB+ASt6k31fg==;EndpointSuffix=core.windows.net",
            "secondary_dfs_endpoint": null,
            "secondary_dfs_host": null,
            "secondary_file_endpoint": null,
            "secondary_file_host": null,
            "secondary_location": "",
            "secondary_queue_endpoint": null,
            "secondary_queue_host": null,
            "secondary_table_endpoint": null,
            "secondary_table_host": null,
            "secondary_web_endpoint": null,
            "secondary_web_host": null,
            "share_properties": [
              {
                "cors_rule": [],
                "retention_policy": [
                  {
                    "days": 7
                  }
                ],
                "smb": []
              }
            ],
            "shared_access_key_enabled": true,
            "static_website": [],
            "table_encryption_key_type": "Service",
            "tags": null,
            "timeouts": null
          },
          "sensitive_attributes": [],
          "private": "eyJlMmJmYjczMC1lY2FhLTExZTYtOGY4OC0zNDM2M2JjN2M0YzAiOnsiY3JlYXRlIjozNjAwMDAwMDAwMDAwLCJkZWxldGUiOjM2MDAwMDAwMDAwMDAsInJlYWQiOjMwMDAwMDAwMDAwMCwidXBkYXRlIjozNjAwMDAwMDAwMDAwfSwic2NoZW1hX3ZlcnNpb24iOiIzIn0=",
          "dependencies": [
            "azurerm_resource_group.rg"
          ]
        }
      ]
    },
    {
      "mode": "managed",
      "type": "azurerm_storage_blob",
      "name": "IIS_config_image",
      "provider": "provider[\"registry.terraform.io/hashicorp/azurerm\"]",
      "instances": [
        {
          "schema_version": 1,
          "attributes": {
            "access_tier": "Hot",
            "cache_control": "",
            "content_md5": "",
            "content_type": "application/octet-stream",
            "id": "https://appstore912094.blob.core.windows.net/data/IIS_Config_image.ps1",
            "metadata": {},
            "name": "IIS_Config_image.ps1",
            "parallelism": 8,
            "size": 0,
            "source": "IIS_Config_image.ps1",
            "source_content": null,
            "source_uri": null,
            "storage_account_name": "appstore912094",
            "storage_container_name": "data",
            "timeouts": null,
            "type": "Block",
            "url": "https://appstore912094.blob.core.windows.net/data/IIS_Config_image.ps1"
          },
          "sensitive_attributes": [],
          "private": "eyJlMmJmYjczMC1lY2FhLTExZTYtOGY4OC0zNDM2M2JjN2M0YzAiOnsiY3JlYXRlIjoxODAwMDAwMDAwMDAwLCJkZWxldGUiOjE4MDAwMDAwMDAwMDAsInJlYWQiOjMwMDAwMDAwMDAwMCwidXBkYXRlIjoxODAwMDAwMDAwMDAwfSwic2NoZW1hX3ZlcnNpb24iOiIxIn0=",
          "dependencies": [
            "azurerm_resource_group.rg",
            "azurerm_storage_account.appstore",
            "azurerm_storage_container.data"
          ]
        }
      ]
    },
    {
      "mode": "managed",
      "type": "azurerm_storage_blob",
      "name": "IIS_config_video",
      "provider": "provider[\"registry.terraform.io/hashicorp/azurerm\"]",
      "instances": [
        {
          "schema_version": 1,
          "attributes": {
            "access_tier": "Hot",
            "cache_control": "",
            "content_md5": "",
            "content_type": "application/octet-stream",
            "id": "https://appstore912094.blob.core.windows.net/data/IIS_Config_video.ps1",
            "metadata": {},
            "name": "IIS_Config_video.ps1",
            "parallelism": 8,
            "size": 0,
            "source": "IIS_Config_video.ps1",
            "source_content": null,
            "source_uri": null,
            "storage_account_name": "appstore912094",
            "storage_container_name": "data",
            "timeouts": null,
            "type": "Block",
            "url": "https://appstore912094.blob.core.windows.net/data/IIS_Config_video.ps1"
          },
          "sensitive_attributes": [],
          "private": "eyJlMmJmYjczMC1lY2FhLTExZTYtOGY4OC0zNDM2M2JjN2M0YzAiOnsiY3JlYXRlIjoxODAwMDAwMDAwMDAwLCJkZWxldGUiOjE4MDAwMDAwMDAwMDAsInJlYWQiOjMwMDAwMDAwMDAwMCwidXBkYXRlIjoxODAwMDAwMDAwMDAwfSwic2NoZW1hX3ZlcnNpb24iOiIxIn0=",
          "dependencies": [
            "azurerm_resource_group.rg",
            "azurerm_storage_account.appstore",
            "azurerm_storage_container.data"
          ]
        }
      ]
    },
    {
      "mode": "managed",
      "type": "azurerm_storage_container",
      "name": "data",
      "provider": "provider[\"registry.terraform.io/hashicorp/azurerm\"]",
      "instances": [
        {
          "schema_version": 1,
          "attributes": {
            "container_access_type": "blob",
            "has_immutability_policy": false,
            "has_legal_hold": false,
            "id": "https://appstore912094.blob.core.windows.net/data",
            "metadata": {},
            "name": "data",
            "resource_manager_id": "/subscriptions/1be24ce6-f6e6-419f-9302-bd0497c96987/resourceGroups/raoul-rg/providers/Microsoft.Storage/storageAccounts/appstore912094/blobServices/default/containers/data",
            "storage_account_name": "appstore912094",
            "timeouts": null
          },
          "sensitive_attributes": [],
          "private": "eyJlMmJmYjczMC1lY2FhLTExZTYtOGY4OC0zNDM2M2JjN2M0YzAiOnsiY3JlYXRlIjoxODAwMDAwMDAwMDAwLCJkZWxldGUiOjE4MDAwMDAwMDAwMDAsInJlYWQiOjMwMDAwMDAwMDAwMCwidXBkYXRlIjoxODAwMDAwMDAwMDAwfSwic2NoZW1hX3ZlcnNpb24iOiIxIn0=",
          "dependencies": [
            "azurerm_resource_group.rg",
            "azurerm_storage_account.appstore"
          ]
        }
      ]
    },
    {
      "mode": "managed",
      "type": "azurerm_subnet",
      "name": "DMZ",
      "provider": "provider[\"registry.terraform.io/hashicorp/azurerm\"]",
      "instances": [
        {
          "schema_version": 0,
          "attributes": {
            "address_prefixes": [
              "10.0.0.0/24"
            ],
            "delegation": [],
            "enforce_private_link_endpoint_network_policies": false,
            "enforce_private_link_service_network_policies": false,
            "id": "/subscriptions/1be24ce6-f6e6-419f-9302-bd0497c96987/resourceGroups/raoul-rg/providers/Microsoft.Network/virtualNetworks/raoul-vnet/subnets/raoul-DMZ",
            "name": "raoul-DMZ",
            "resource_group_name": "raoul-rg",
            "service_endpoint_policy_ids": null,
            "service_endpoints": null,
            "timeouts": null,
            "virtual_network_name": "raoul-vnet"
          },
          "sensitive_attributes": [],
          "private": "eyJlMmJmYjczMC1lY2FhLTExZTYtOGY4OC0zNDM2M2JjN2M0YzAiOnsiY3JlYXRlIjoxODAwMDAwMDAwMDAwLCJkZWxldGUiOjE4MDAwMDAwMDAwMDAsInJlYWQiOjMwMDAwMDAwMDAwMCwidXBkYXRlIjoxODAwMDAwMDAwMDAwfX0=",
          "dependencies": [
            "azurerm_resource_group.rg",
            "azurerm_virtual_network.vnet"
          ]
        }
      ]
    },
    {
      "mode": "managed",
      "type": "azurerm_subnet",
      "name": "LAN",
      "provider": "provider[\"registry.terraform.io/hashicorp/azurerm\"]",
      "instances": [
        {
          "schema_version": 0,
          "attributes": {
            "address_prefixes": [
              "10.0.1.0/24"
            ],
            "delegation": [],
            "enforce_private_link_endpoint_network_policies": false,
            "enforce_private_link_service_network_policies": false,
            "id": "/subscriptions/1be24ce6-f6e6-419f-9302-bd0497c96987/resourceGroups/raoul-rg/providers/Microsoft.Network/virtualNetworks/raoul-vnet/subnets/raoul-LAN",
            "name": "raoul-LAN",
            "resource_group_name": "raoul-rg",
            "service_endpoint_policy_ids": null,
            "service_endpoints": null,
            "timeouts": null,
            "virtual_network_name": "raoul-vnet"
          },
          "sensitive_attributes": [],
          "private": "eyJlMmJmYjczMC1lY2FhLTExZTYtOGY4OC0zNDM2M2JjN2M0YzAiOnsiY3JlYXRlIjoxODAwMDAwMDAwMDAwLCJkZWxldGUiOjE4MDAwMDAwMDAwMDAsInJlYWQiOjMwMDAwMDAwMDAwMCwidXBkYXRlIjoxODAwMDAwMDAwMDAwfX0=",
          "dependencies": [
            "azurerm_resource_group.rg",
            "azurerm_virtual_network.vnet"
          ]
        }
      ]
    },
    {
      "mode": "managed",
      "type": "azurerm_subnet_network_security_group_association",
      "name": "nsg_association",
      "provider": "provider[\"registry.terraform.io/hashicorp/azurerm\"]",
      "instances": [
        {
          "schema_version": 0,
          "attributes": {
            "id": "/subscriptions/1be24ce6-f6e6-419f-9302-bd0497c96987/resourceGroups/raoul-rg/providers/Microsoft.Network/virtualNetworks/raoul-vnet/subnets/raoul-DMZ",
            "network_security_group_id": "/subscriptions/1be24ce6-f6e6-419f-9302-bd0497c96987/resourceGroups/raoul-rg/providers/Microsoft.Network/networkSecurityGroups/raoul-app-nsg",
            "subnet_id": "/subscriptions/1be24ce6-f6e6-419f-9302-bd0497c96987/resourceGroups/raoul-rg/providers/Microsoft.Network/virtualNetworks/raoul-vnet/subnets/raoul-DMZ",
            "timeouts": null
          },
          "sensitive_attributes": [],
          "private": "eyJlMmJmYjczMC1lY2FhLTExZTYtOGY4OC0zNDM2M2JjN2M0YzAiOnsiY3JlYXRlIjoxODAwMDAwMDAwMDAwLCJkZWxldGUiOjE4MDAwMDAwMDAwMDAsInJlYWQiOjMwMDAwMDAwMDAwMCwidXBkYXRlIjoxODAwMDAwMDAwMDAwfX0=",
          "dependencies": [
            "azurerm_network_security_group.app_nsg",
            "azurerm_resource_group.rg",
            "azurerm_subnet.DMZ",
            "azurerm_virtual_network.vnet"
          ]
        }
      ]
    },
    {
      "mode": "managed",
      "type": "azurerm_virtual_machine_extension",
      "name": "vm_extension1",
      "provider": "provider[\"registry.terraform.io/hashicorp/azurerm\"]",
      "instances": [
        {
          "schema_version": 0,
          "attributes": {
            "auto_upgrade_minor_version": false,
            "automatic_upgrade_enabled": false,
            "id": "/subscriptions/1be24ce6-f6e6-419f-9302-bd0497c96987/resourceGroups/raoul-rg/providers/Microsoft.Compute/virtualMachines/raoul-Web-vm1/extensions/raoul-vm-extension1",
            "name": "raoul-vm-extension1",
            "protected_settings": null,
            "publisher": "Microsoft.Compute",
            "settings": "{\"commandToExecute\":\"powershell -ExecutionPolicy Unrestricted -file IIS_Config_video.ps1\",\"fileUris\":[\"https://appstore912094.blob.core.windows.net/data/IIS_Config_video.ps1\"]}",
            "tags": null,
            "timeouts": null,
            "type": "CustomScriptExtension",
            "type_handler_version": "1.10",
            "virtual_machine_id": "/subscriptions/1be24ce6-f6e6-419f-9302-bd0497c96987/resourceGroups/raoul-rg/providers/Microsoft.Compute/virtualMachines/raoul-Web-vm1"
          },
          "sensitive_attributes": [],
          "private": "eyJlMmJmYjczMC1lY2FhLTExZTYtOGY4OC0zNDM2M2JjN2M0YzAiOnsiY3JlYXRlIjoxODAwMDAwMDAwMDAwLCJkZWxldGUiOjE4MDAwMDAwMDAwMDAsInJlYWQiOjMwMDAwMDAwMDAwMCwidXBkYXRlIjoxODAwMDAwMDAwMDAwfX0=",
          "dependencies": [
            "azurerm_network_interface.app_interface1",
            "azurerm_resource_group.rg",
            "azurerm_storage_account.appstore",
            "azurerm_storage_blob.IIS_config_video",
            "azurerm_storage_container.data",
            "azurerm_subnet.LAN",
            "azurerm_virtual_network.vnet",
            "azurerm_windows_virtual_machine.Web_vm1"
          ]
        }
      ]
    },
    {
      "mode": "managed",
      "type": "azurerm_virtual_machine_extension",
      "name": "vm_extension2",
      "provider": "provider[\"registry.terraform.io/hashicorp/azurerm\"]",
      "instances": [
        {
          "schema_version": 0,
          "attributes": {
            "auto_upgrade_minor_version": false,
            "automatic_upgrade_enabled": false,
            "id": "/subscriptions/1be24ce6-f6e6-419f-9302-bd0497c96987/resourceGroups/raoul-rg/providers/Microsoft.Compute/virtualMachines/raoul-web-vm2/extensions/raoul-vm-extension2",
            "name": "raoul-vm-extension2",
            "protected_settings": null,
            "publisher": "Microsoft.Compute",
            "settings": "{\"commandToExecute\":\"powershell -ExecutionPolicy Unrestricted -file IIS_Config_image.ps1\",\"fileUris\":[\"https://appstore912094.blob.core.windows.net/data/IIS_Config_image.ps1\"]}",
            "tags": null,
            "timeouts": null,
            "type": "CustomScriptExtension",
            "type_handler_version": "1.10",
            "virtual_machine_id": "/subscriptions/1be24ce6-f6e6-419f-9302-bd0497c96987/resourceGroups/raoul-rg/providers/Microsoft.Compute/virtualMachines/raoul-web-vm2"
          },
          "sensitive_attributes": [],
          "private": "eyJlMmJmYjczMC1lY2FhLTExZTYtOGY4OC0zNDM2M2JjN2M0YzAiOnsiY3JlYXRlIjoxODAwMDAwMDAwMDAwLCJkZWxldGUiOjE4MDAwMDAwMDAwMDAsInJlYWQiOjMwMDAwMDAwMDAwMCwidXBkYXRlIjoxODAwMDAwMDAwMDAwfX0=",
          "dependencies": [
            "azurerm_network_interface.app_interface2",
            "azurerm_resource_group.rg",
            "azurerm_storage_account.appstore",
            "azurerm_storage_blob.IIS_config_image",
            "azurerm_storage_container.data",
            "azurerm_subnet.LAN",
            "azurerm_virtual_network.vnet",
            "azurerm_windows_virtual_machine.Web_vm2"
          ]
        }
      ]
    },
    {
      "mode": "managed",
      "type": "azurerm_virtual_network",
      "name": "vnet",
      "provider": "provider[\"registry.terraform.io/hashicorp/azurerm\"]",
      "instances": [
        {
          "schema_version": 0,
          "attributes": {
            "address_space": [
              "10.0.0.0/16"
            ],
            "bgp_community": "",
            "ddos_protection_plan": [],
            "dns_servers": [],
            "edge_zone": "",
            "flow_timeout_in_minutes": 0,
            "guid": "3dc58dd4-064a-43ba-8456-78fd9a64f66d",
            "id": "/subscriptions/1be24ce6-f6e6-419f-9302-bd0497c96987/resourceGroups/raoul-rg/providers/Microsoft.Network/virtualNetworks/raoul-vnet",
            "location": "westeurope",
            "name": "raoul-vnet",
            "resource_group_name": "raoul-rg",
            "subnet": [],
            "tags": {
              "Environment": "SchoolProject",
              "Team": "DevOps"
            },
            "timeouts": null
          },
          "sensitive_attributes": [],
          "private": "eyJlMmJmYjczMC1lY2FhLTExZTYtOGY4OC0zNDM2M2JjN2M0YzAiOnsiY3JlYXRlIjoxODAwMDAwMDAwMDAwLCJkZWxldGUiOjE4MDAwMDAwMDAwMDAsInJlYWQiOjMwMDAwMDAwMDAwMCwidXBkYXRlIjoxODAwMDAwMDAwMDAwfX0=",
          "dependencies": [
            "azurerm_resource_group.rg"
          ]
        }
      ]
    },
    {
      "mode": "managed",
      "type": "azurerm_windows_virtual_machine",
      "name": "Web_vm1",
      "provider": "provider[\"registry.terraform.io/hashicorp/azurerm\"]",
      "instances": [
        {
          "schema_version": 0,
          "attributes": {
            "additional_capabilities": [],
            "additional_unattend_content": [],
            "admin_password": "Admin01!",
            "admin_username": "GebruikerRaoul",
            "allow_extension_operations": true,
            "availability_set_id": "",
            "boot_diagnostics": [],
            "computer_name": "raoul-Web-vm1",
            "custom_data": null,
            "dedicated_host_group_id": "",
            "dedicated_host_id": "",
            "edge_zone": "",
            "enable_automatic_updates": true,
            "encryption_at_host_enabled": false,
            "eviction_policy": "",
            "extensions_time_budget": "PT1H30M",
            "hotpatching_enabled": false,
            "id": "/subscriptions/1be24ce6-f6e6-419f-9302-bd0497c96987/resourceGroups/raoul-rg/providers/Microsoft.Compute/virtualMachines/raoul-Web-vm1",
            "identity": [],
            "license_type": "",
            "location": "westeurope",
            "max_bid_price": -1,
            "name": "raoul-Web-vm1",
            "network_interface_ids": [
              "/subscriptions/1be24ce6-f6e6-419f-9302-bd0497c96987/resourceGroups/raoul-rg/providers/Microsoft.Network/networkInterfaces/raoul-app-interface1"
            ],
            "os_disk": [
              {
                "caching": "ReadWrite",
                "diff_disk_settings": [],
                "disk_encryption_set_id": "",
                "disk_size_gb": 127,
                "name": "raoul-Web-vm1_OsDisk_1_fa393ba28be947abaee415989fa8ffd0",
                "storage_account_type": "Standard_LRS",
                "write_accelerator_enabled": false
              }
            ],
            "patch_mode": "AutomaticByOS",
            "plan": [],
            "platform_fault_domain": -1,
            "priority": "Regular",
            "private_ip_address": "10.0.1.5",
            "private_ip_addresses": [
              "10.0.1.5"
            ],
            "provision_vm_agent": true,
            "proximity_placement_group_id": "",
            "public_ip_address": "",
            "public_ip_addresses": [],
            "resource_group_name": "raoul-rg",
            "secret": [],
            "secure_boot_enabled": false,
            "size": "Standard_D2s_v3",
            "source_image_id": "",
            "source_image_reference": [
              {
                "offer": "WindowsServer",
                "publisher": "MicrosoftWindowsServer",
                "sku": "2019-Datacenter",
                "version": "latest"
              }
            ],
            "tags": null,
            "termination_notification": null,
            "timeouts": null,
            "timezone": "",
            "user_data": "",
            "virtual_machine_id": "ca233f46-1d25-4b2a-9093-ad1443860152",
            "virtual_machine_scale_set_id": "",
            "vtpm_enabled": false,
            "winrm_listener": [],
            "zone": ""
          },
          "sensitive_attributes": [],
          "private": "eyJlMmJmYjczMC1lY2FhLTExZTYtOGY4OC0zNDM2M2JjN2M0YzAiOnsiY3JlYXRlIjoyNzAwMDAwMDAwMDAwLCJkZWxldGUiOjI3MDAwMDAwMDAwMDAsInJlYWQiOjMwMDAwMDAwMDAwMCwidXBkYXRlIjoyNzAwMDAwMDAwMDAwfX0=",
          "dependencies": [
            "azurerm_network_interface.app_interface1",
            "azurerm_resource_group.rg",
            "azurerm_subnet.LAN",
            "azurerm_virtual_network.vnet"
          ]
        }
      ]
    },
    {
      "mode": "managed",
      "type": "azurerm_windows_virtual_machine",
      "name": "Web_vm2",
      "provider": "provider[\"registry.terraform.io/hashicorp/azurerm\"]",
      "instances": [
        {
          "schema_version": 0,
          "attributes": {
            "additional_capabilities": [],
            "additional_unattend_content": [],
            "admin_password": "Admin01!",
            "admin_username": "GebruikerRaoul",
            "allow_extension_operations": true,
            "availability_set_id": "",
            "boot_diagnostics": [],
            "computer_name": "raoul-web-vm2",
            "custom_data": null,
            "dedicated_host_group_id": "",
            "dedicated_host_id": "",
            "edge_zone": "",
            "enable_automatic_updates": true,
            "encryption_at_host_enabled": false,
            "eviction_policy": "",
            "extensions_time_budget": "PT1H30M",
            "hotpatching_enabled": false,
            "id": "/subscriptions/1be24ce6-f6e6-419f-9302-bd0497c96987/resourceGroups/raoul-rg/providers/Microsoft.Compute/virtualMachines/raoul-web-vm2",
            "identity": [],
            "license_type": "",
            "location": "westeurope",
            "max_bid_price": -1,
            "name": "raoul-web-vm2",
            "network_interface_ids": [
              "/subscriptions/1be24ce6-f6e6-419f-9302-bd0497c96987/resourceGroups/raoul-rg/providers/Microsoft.Network/networkInterfaces/raoul-app-interface2"
            ],
            "os_disk": [
              {
                "caching": "ReadWrite",
                "diff_disk_settings": [],
                "disk_encryption_set_id": "",
                "disk_size_gb": 127,
                "name": "raoul-web-vm2_disk1_2d9ff41c614e4458b26e18670ac413ec",
                "storage_account_type": "Standard_LRS",
                "write_accelerator_enabled": false
              }
            ],
            "patch_mode": "AutomaticByOS",
            "plan": [],
            "platform_fault_domain": -1,
            "priority": "Regular",
            "private_ip_address": "10.0.1.4",
            "private_ip_addresses": [
              "10.0.1.4"
            ],
            "provision_vm_agent": true,
            "proximity_placement_group_id": "",
            "public_ip_address": "",
            "public_ip_addresses": [],
            "resource_group_name": "raoul-rg",
            "secret": [],
            "secure_boot_enabled": false,
            "size": "Standard_D2s_v3",
            "source_image_id": "",
            "source_image_reference": [
              {
                "offer": "WindowsServer",
                "publisher": "MicrosoftWindowsServer",
                "sku": "2019-Datacenter",
                "version": "latest"
              }
            ],
            "tags": null,
            "termination_notification": null,
            "timeouts": null,
            "timezone": "",
            "user_data": "",
            "virtual_machine_id": "b3697ac3-e999-424b-b918-ffe2884436fe",
            "virtual_machine_scale_set_id": "",
            "vtpm_enabled": false,
            "winrm_listener": [],
            "zone": ""
          },
          "sensitive_attributes": [],
          "private": "eyJlMmJmYjczMC1lY2FhLTExZTYtOGY4OC0zNDM2M2JjN2M0YzAiOnsiY3JlYXRlIjoyNzAwMDAwMDAwMDAwLCJkZWxldGUiOjI3MDAwMDAwMDAwMDAsInJlYWQiOjMwMDAwMDAwMDAwMCwidXBkYXRlIjoyNzAwMDAwMDAwMDAwfX0=",
          "dependencies": [
            "azurerm_network_interface.app_interface2",
            "azurerm_resource_group.rg",
            "azurerm_subnet.LAN",
            "azurerm_virtual_network.vnet"
          ]
        }
      ]
    }
  ],
  "check_results": null
}
